// !$*UTF8*$!
{
	archiveVersion = 1;
	classes = {
	};
	objectVersion = 56;
	objects = {

/* Begin PBXBuildFile section */
		EB5D52CE2DB02B0F006802C9 /* AppDelegate.swift in Sources */ = {isa = PBXBuildFile; fileRef = EB5D52CD2DB02B0F006802C9 /* AppDelegate.swift */; };
		EB5D52D02DB02B0F006802C9 /* SceneDelegate.swift in Sources */ = {isa = PBXBuildFile; fileRef = EB5D52CF2DB02B0F006802C9 /* SceneDelegate.swift */; };
		EB5D52D22DB02B0F006802C9 /* ViewController.swift in Sources */ = {isa = PBXBuildFile; fileRef = EB5D52D12DB02B0F006802C9 /* ViewController.swift */; };
		EB5D52D52DB02B0F006802C9 /* Main.storyboard in Resources */ = {isa = PBXBuildFile; fileRef = EB5D52D32DB02B0F006802C9 /* Main.storyboard */; };
		EB5D52D72DB02B13006802C9 /* Assets.xcassets in Resources */ = {isa = PBXBuildFile; fileRef = EB5D52D62DB02B13006802C9 /* Assets.xcassets */; };
		EB5D52DA2DB02B13006802C9 /* LaunchScreen.storyboard in Resources */ = {isa = PBXBuildFile; fileRef = EB5D52D82DB02B13006802C9 /* LaunchScreen.storyboard */; };
		EB5D52E52DB02B13006802C9 /* Tracker_appTests.swift in Sources */ = {isa = PBXBuildFile; fileRef = EB5D52E42DB02B13006802C9 /* Tracker_appTests.swift */; };
		EB5D52EF2DB02B13006802C9 /* Tracker_appUITests.swift in Sources */ = {isa = PBXBuildFile; fileRef = EB5D52EE2DB02B13006802C9 /* Tracker_appUITests.swift */; };
		EB5D52F12DB02B13006802C9 /* Tracker_appUITestsLaunchTests.swift in Sources */ = {isa = PBXBuildFile; fileRef = EB5D52F02DB02B13006802C9 /* Tracker_appUITestsLaunchTests.swift */; };
		EB5D52FE2DB036C5006802C9 /* ViewUI.swift in Sources */ = {isa = PBXBuildFile; fileRef = EB5D52FD2DB036C5006802C9 /* ViewUI.swift */; };
		EB5D53002DB036DD006802C9 /* StructureTrackers.swift in Sources */ = {isa = PBXBuildFile; fileRef = EB5D52FF2DB036DD006802C9 /* StructureTrackers.swift */; };
		EB5D53032DB03765006802C9 /* TrackerCell.swift in Sources */ = {isa = PBXBuildFile; fileRef = EB5D53022DB03765006802C9 /* TrackerCell.swift */; };
		EB5D53052DB037B3006802C9 /* TabBarController.swift in Sources */ = {isa = PBXBuildFile; fileRef = EB5D53042DB037B3006802C9 /* TabBarController.swift */; };
		EB5D53072DB037E3006802C9 /* SettingsOfViewController.swift in Sources */ = {isa = PBXBuildFile; fileRef = EB5D53062DB037E3006802C9 /* SettingsOfViewController.swift */; };
		EB5D53092DB0380E006802C9 /* StatisticsViewController.swift in Sources */ = {isa = PBXBuildFile; fileRef = EB5D53082DB0380E006802C9 /* StatisticsViewController.swift */; };
		EB5D530B2DB03833006802C9 /* MakeTrackerVC.swift in Sources */ = {isa = PBXBuildFile; fileRef = EB5D530A2DB03833006802C9 /* MakeTrackerVC.swift */; };
		EB5D530D2DB038A3006802C9 /* scheduleVC.swift in Sources */ = {isa = PBXBuildFile; fileRef = EB5D530C2DB038A3006802C9 /* scheduleVC.swift */; };
		EB5D530F2DB038C6006802C9 /* SupplementaryView.swift in Sources */ = {isa = PBXBuildFile; fileRef = EB5D530E2DB038C6006802C9 /* SupplementaryView.swift */; };
		EBCC09442DBBB953001CD63C /* Tracker.xcdatamodeld in Sources */ = {isa = PBXBuildFile; fileRef = EBCC09422DBBB953001CD63C /* Tracker.xcdatamodeld */; };
		EBCC09462DBBBA73001CD63C /* TrackerCategoryStore.swift in Sources */ = {isa = PBXBuildFile; fileRef = EBCC09452DBBBA73001CD63C /* TrackerCategoryStore.swift */; };
		EBCC09482DBBBA91001CD63C /* TrackerRecordStore.swift in Sources */ = {isa = PBXBuildFile; fileRef = EBCC09472DBBBA91001CD63C /* TrackerRecordStore.swift */; };
		EBCC094A2DBBBB03001CD63C /* TrackerStore.swift in Sources */ = {isa = PBXBuildFile; fileRef = EBCC09492DBBBB03001CD63C /* TrackerStore.swift */; };
		EBCC094C2DBBBB27001CD63C /* Bit.swift in Sources */ = {isa = PBXBuildFile; fileRef = EBCC094B2DBBBB27001CD63C /* Bit.swift */; };
		EBCC094E2DBBBB3E001CD63C /* ScheduleConvertor.swift in Sources */ = {isa = PBXBuildFile; fileRef = EBCC094D2DBBBB3E001CD63C /* ScheduleConvertor.swift */; };
		EBCC09502DBBBB5D001CD63C /* UIColorMarshalling.swift in Sources */ = {isa = PBXBuildFile; fileRef = EBCC094F2DBBBB5D001CD63C /* UIColorMarshalling.swift */; };
		EBCC09522DBBBB7B001CD63C /* TrackerStoreError.swift in Sources */ = {isa = PBXBuildFile; fileRef = EBCC09512DBBBB7B001CD63C /* TrackerStoreError.swift */; };
		EBCC09542DBBBB90001CD63C /* CategoryStoreError.swift in Sources */ = {isa = PBXBuildFile; fileRef = EBCC09532DBBBB90001CD63C /* CategoryStoreError.swift */; };
		EBCC09562DBBBBA5001CD63C /* TrackerRecordStoreError.swift in Sources */ = {isa = PBXBuildFile; fileRef = EBCC09552DBBBBA5001CD63C /* TrackerRecordStoreError.swift */; };
		EBCC09582DBBBC3F001CD63C /* Weekdays.swift in Sources */ = {isa = PBXBuildFile; fileRef = EBCC09572DBBBC3F001CD63C /* Weekdays.swift */; };
/* End PBXBuildFile section */

/* Begin PBXContainerItemProxy section */
		EB5D52E12DB02B13006802C9 /* PBXContainerItemProxy */ = {
			isa = PBXContainerItemProxy;
			containerPortal = EB5D52C22DB02B0F006802C9 /* Project object */;
			proxyType = 1;
			remoteGlobalIDString = EB5D52C92DB02B0F006802C9;
			remoteInfo = Tracker_app;
		};
		EB5D52EB2DB02B13006802C9 /* PBXContainerItemProxy */ = {
			isa = PBXContainerItemProxy;
			containerPortal = EB5D52C22DB02B0F006802C9 /* Project object */;
			proxyType = 1;
			remoteGlobalIDString = EB5D52C92DB02B0F006802C9;
			remoteInfo = Tracker_app;
		};
/* End PBXContainerItemProxy section */

/* Begin PBXFileReference section */
		EB5D52CA2DB02B0F006802C9 /* Tracker_app.app */ = {isa = PBXFileReference; explicitFileType = wrapper.application; includeInIndex = 0; path = Tracker_app.app; sourceTree = BUILT_PRODUCTS_DIR; };
		EB5D52CD2DB02B0F006802C9 /* AppDelegate.swift */ = {isa = PBXFileReference; lastKnownFileType = sourcecode.swift; path = AppDelegate.swift; sourceTree = "<group>"; };
		EB5D52CF2DB02B0F006802C9 /* SceneDelegate.swift */ = {isa = PBXFileReference; lastKnownFileType = sourcecode.swift; path = SceneDelegate.swift; sourceTree = "<group>"; };
		EB5D52D12DB02B0F006802C9 /* ViewController.swift */ = {isa = PBXFileReference; lastKnownFileType = sourcecode.swift; path = ViewController.swift; sourceTree = "<group>"; };
		EB5D52D42DB02B0F006802C9 /* Base */ = {isa = PBXFileReference; lastKnownFileType = file.storyboard; name = Base; path = Base.lproj/Main.storyboard; sourceTree = "<group>"; };
		EB5D52D62DB02B13006802C9 /* Assets.xcassets */ = {isa = PBXFileReference; lastKnownFileType = folder.assetcatalog; path = Assets.xcassets; sourceTree = "<group>"; };
		EB5D52D92DB02B13006802C9 /* Base */ = {isa = PBXFileReference; lastKnownFileType = file.storyboard; name = Base; path = Base.lproj/LaunchScreen.storyboard; sourceTree = "<group>"; };
		EB5D52DB2DB02B13006802C9 /* Info.plist */ = {isa = PBXFileReference; lastKnownFileType = text.plist.xml; path = Info.plist; sourceTree = "<group>"; };
		EB5D52E02DB02B13006802C9 /* Tracker_appTests.xctest */ = {isa = PBXFileReference; explicitFileType = wrapper.cfbundle; includeInIndex = 0; path = Tracker_appTests.xctest; sourceTree = BUILT_PRODUCTS_DIR; };
		EB5D52E42DB02B13006802C9 /* Tracker_appTests.swift */ = {isa = PBXFileReference; lastKnownFileType = sourcecode.swift; path = Tracker_appTests.swift; sourceTree = "<group>"; };
		EB5D52EA2DB02B13006802C9 /* Tracker_appUITests.xctest */ = {isa = PBXFileReference; explicitFileType = wrapper.cfbundle; includeInIndex = 0; path = Tracker_appUITests.xctest; sourceTree = BUILT_PRODUCTS_DIR; };
		EB5D52EE2DB02B13006802C9 /* Tracker_appUITests.swift */ = {isa = PBXFileReference; lastKnownFileType = sourcecode.swift; path = Tracker_appUITests.swift; sourceTree = "<group>"; };
		EB5D52F02DB02B13006802C9 /* Tracker_appUITestsLaunchTests.swift */ = {isa = PBXFileReference; lastKnownFileType = sourcecode.swift; path = Tracker_appUITestsLaunchTests.swift; sourceTree = "<group>"; };
		EB5D52FD2DB036C5006802C9 /* ViewUI.swift */ = {isa = PBXFileReference; lastKnownFileType = sourcecode.swift; path = ViewUI.swift; sourceTree = "<group>"; };
		EB5D52FF2DB036DD006802C9 /* StructureTrackers.swift */ = {isa = PBXFileReference; lastKnownFileType = sourcecode.swift; path = StructureTrackers.swift; sourceTree = "<group>"; };
		EB5D53022DB03765006802C9 /* TrackerCell.swift */ = {isa = PBXFileReference; lastKnownFileType = sourcecode.swift; path = TrackerCell.swift; sourceTree = "<group>"; };
		EB5D53042DB037B3006802C9 /* TabBarController.swift */ = {isa = PBXFileReference; lastKnownFileType = sourcecode.swift; path = TabBarController.swift; sourceTree = "<group>"; };
		EB5D53062DB037E3006802C9 /* SettingsOfViewController.swift */ = {isa = PBXFileReference; lastKnownFileType = sourcecode.swift; path = SettingsOfViewController.swift; sourceTree = "<group>"; };
		EB5D53082DB0380E006802C9 /* StatisticsViewController.swift */ = {isa = PBXFileReference; lastKnownFileType = sourcecode.swift; path = StatisticsViewController.swift; sourceTree = "<group>"; };
		EB5D530A2DB03833006802C9 /* MakeTrackerVC.swift */ = {isa = PBXFileReference; lastKnownFileType = sourcecode.swift; path = MakeTrackerVC.swift; sourceTree = "<group>"; };
		EB5D530C2DB038A3006802C9 /* scheduleVC.swift */ = {isa = PBXFileReference; lastKnownFileType = sourcecode.swift; path = scheduleVC.swift; sourceTree = "<group>"; };
		EB5D530E2DB038C6006802C9 /* SupplementaryView.swift */ = {isa = PBXFileReference; lastKnownFileType = sourcecode.swift; path = SupplementaryView.swift; sourceTree = "<group>"; };
		EBCC09432DBBB953001CD63C /* Tracker.xcdatamodel */ = {isa = PBXFileReference; lastKnownFileType = wrapper.xcdatamodel; path = Tracker.xcdatamodel; sourceTree = "<group>"; };
		EBCC09452DBBBA73001CD63C /* TrackerCategoryStore.swift */ = {isa = PBXFileReference; lastKnownFileType = sourcecode.swift; path = TrackerCategoryStore.swift; sourceTree = "<group>"; };
		EBCC09472DBBBA91001CD63C /* TrackerRecordStore.swift */ = {isa = PBXFileReference; lastKnownFileType = sourcecode.swift; path = TrackerRecordStore.swift; sourceTree = "<group>"; };
		EBCC09492DBBBB03001CD63C /* TrackerStore.swift */ = {isa = PBXFileReference; lastKnownFileType = sourcecode.swift; path = TrackerStore.swift; sourceTree = "<group>"; };
		EBCC094B2DBBBB27001CD63C /* Bit.swift */ = {isa = PBXFileReference; lastKnownFileType = sourcecode.swift; path = Bit.swift; sourceTree = "<group>"; };
		EBCC094D2DBBBB3E001CD63C /* ScheduleConvertor.swift */ = {isa = PBXFileReference; lastKnownFileType = sourcecode.swift; path = ScheduleConvertor.swift; sourceTree = "<group>"; };
		EBCC094F2DBBBB5D001CD63C /* UIColorMarshalling.swift */ = {isa = PBXFileReference; lastKnownFileType = sourcecode.swift; path = UIColorMarshalling.swift; sourceTree = "<group>"; };
		EBCC09512DBBBB7B001CD63C /* TrackerStoreError.swift */ = {isa = PBXFileReference; lastKnownFileType = sourcecode.swift; path = TrackerStoreError.swift; sourceTree = "<group>"; };
		EBCC09532DBBBB90001CD63C /* CategoryStoreError.swift */ = {isa = PBXFileReference; lastKnownFileType = sourcecode.swift; path = CategoryStoreError.swift; sourceTree = "<group>"; };
		EBCC09552DBBBBA5001CD63C /* TrackerRecordStoreError.swift */ = {isa = PBXFileReference; lastKnownFileType = sourcecode.swift; path = TrackerRecordStoreError.swift; sourceTree = "<group>"; };
		EBCC09572DBBBC3F001CD63C /* Weekdays.swift */ = {isa = PBXFileReference; lastKnownFileType = sourcecode.swift; path = Weekdays.swift; sourceTree = "<group>"; };
/* End PBXFileReference section */

/* Begin PBXFrameworksBuildPhase section */
		EB5D52C72DB02B0F006802C9 /* Frameworks */ = {
			isa = PBXFrameworksBuildPhase;
			buildActionMask = 2147483647;
			files = (
			);
			runOnlyForDeploymentPostprocessing = 0;
		};
		EB5D52DD2DB02B13006802C9 /* Frameworks */ = {
			isa = PBXFrameworksBuildPhase;
			buildActionMask = 2147483647;
			files = (
			);
			runOnlyForDeploymentPostprocessing = 0;
		};
		EB5D52E72DB02B13006802C9 /* Frameworks */ = {
			isa = PBXFrameworksBuildPhase;
			buildActionMask = 2147483647;
			files = (
			);
			runOnlyForDeploymentPostprocessing = 0;
		};
/* End PBXFrameworksBuildPhase section */

/* Begin PBXGroup section */
		EB5D52C12DB02B0F006802C9 = {
			isa = PBXGroup;
			children = (
				EBCC093F2DBBB8E7001CD63C /* CoreData */,
				EB5D53012DB0374F006802C9 /* Work applications */,
				EB5D52CC2DB02B0F006802C9 /* Tracker_app */,
				EB5D52E32DB02B13006802C9 /* Tracker_appTests */,
				EB5D52ED2DB02B13006802C9 /* Tracker_appUITests */,
				EB5D52CB2DB02B0F006802C9 /* Products */,
			);
			sourceTree = "<group>";
		};
		EB5D52CB2DB02B0F006802C9 /* Products */ = {
			isa = PBXGroup;
			children = (
				EB5D52CA2DB02B0F006802C9 /* Tracker_app.app */,
				EB5D52E02DB02B13006802C9 /* Tracker_appTests.xctest */,
				EB5D52EA2DB02B13006802C9 /* Tracker_appUITests.xctest */,
			);
			name = Products;
			sourceTree = "<group>";
		};
		EB5D52CC2DB02B0F006802C9 /* Tracker_app */ = {
			isa = PBXGroup;
			children = (
				EB5D52CD2DB02B0F006802C9 /* AppDelegate.swift */,
				EB5D52CF2DB02B0F006802C9 /* SceneDelegate.swift */,
				EB5D52D12DB02B0F006802C9 /* ViewController.swift */,
				EBCC09572DBBBC3F001CD63C /* Weekdays.swift */,
				EB5D52D32DB02B0F006802C9 /* Main.storyboard */,
				EB5D52D62DB02B13006802C9 /* Assets.xcassets */,
				EB5D52D82DB02B13006802C9 /* LaunchScreen.storyboard */,
				EB5D52DB2DB02B13006802C9 /* Info.plist */,
				EB5D52FD2DB036C5006802C9 /* ViewUI.swift */,
				EB5D52FF2DB036DD006802C9 /* StructureTrackers.swift */,
			);
			path = Tracker_app;
			sourceTree = "<group>";
		};
		EB5D52E32DB02B13006802C9 /* Tracker_appTests */ = {
			isa = PBXGroup;
			children = (
				EB5D52E42DB02B13006802C9 /* Tracker_appTests.swift */,
			);
			path = Tracker_appTests;
			sourceTree = "<group>";
		};
		EB5D52ED2DB02B13006802C9 /* Tracker_appUITests */ = {
			isa = PBXGroup;
			children = (
				EB5D52EE2DB02B13006802C9 /* Tracker_appUITests.swift */,
				EB5D52F02DB02B13006802C9 /* Tracker_appUITestsLaunchTests.swift */,
			);
			path = Tracker_appUITests;
			sourceTree = "<group>";
		};
		EB5D53012DB0374F006802C9 /* Work applications */ = {
			isa = PBXGroup;
			children = (
				EB5D53022DB03765006802C9 /* TrackerCell.swift */,
				EB5D53042DB037B3006802C9 /* TabBarController.swift */,
				EB5D53062DB037E3006802C9 /* SettingsOfViewController.swift */,
				EB5D53082DB0380E006802C9 /* StatisticsViewController.swift */,
				EB5D530A2DB03833006802C9 /* MakeTrackerVC.swift */,
				EB5D530C2DB038A3006802C9 /* scheduleVC.swift */,
				EB5D530E2DB038C6006802C9 /* SupplementaryView.swift */,
			);
			path = "Work applications";
			sourceTree = "<group>";
		};
		EBCC093F2DBBB8E7001CD63C /* CoreData */ = {
			isa = PBXGroup;
			children = (
				EBCC09412DBBB91E001CD63C /* StoreError */,
				EBCC09402DBBB910001CD63C /* Converters */,
				EBCC09422DBBB953001CD63C /* Tracker.xcdatamodeld */,
				EBCC09452DBBBA73001CD63C /* TrackerCategoryStore.swift */,
				EBCC09472DBBBA91001CD63C /* TrackerRecordStore.swift */,
				EBCC09492DBBBB03001CD63C /* TrackerStore.swift */,
			);
			path = CoreData;
			sourceTree = "<group>";
		};
		EBCC09402DBBB910001CD63C /* Converters */ = {
			isa = PBXGroup;
			children = (
				EBCC094B2DBBBB27001CD63C /* Bit.swift */,
				EBCC094D2DBBBB3E001CD63C /* ScheduleConvertor.swift */,
				EBCC094F2DBBBB5D001CD63C /* UIColorMarshalling.swift */,
			);
			path = Converters;
			sourceTree = "<group>";
		};
		EBCC09412DBBB91E001CD63C /* StoreError */ = {
			isa = PBXGroup;
			children = (
				EBCC09512DBBBB7B001CD63C /* TrackerStoreError.swift */,
				EBCC09532DBBBB90001CD63C /* CategoryStoreError.swift */,
				EBCC09552DBBBBA5001CD63C /* TrackerRecordStoreError.swift */,
			);
			path = StoreError;
			sourceTree = "<group>";
		};
/* End PBXGroup section */

/* Begin PBXNativeTarget section */
		EB5D52C92DB02B0F006802C9 /* Tracker_app */ = {
			isa = PBXNativeTarget;
			buildConfigurationList = EB5D52F42DB02B13006802C9 /* Build configuration list for PBXNativeTarget "Tracker_app" */;
			buildPhases = (
				EB5D52C62DB02B0F006802C9 /* Sources */,
				EB5D52C72DB02B0F006802C9 /* Frameworks */,
				EB5D52C82DB02B0F006802C9 /* Resources */,
			);
			buildRules = (
			);
			dependencies = (
			);
			name = Tracker_app;
			productName = Tracker_app;
			productReference = EB5D52CA2DB02B0F006802C9 /* Tracker_app.app */;
			productType = "com.apple.product-type.application";
		};
		EB5D52DF2DB02B13006802C9 /* Tracker_appTests */ = {
			isa = PBXNativeTarget;
			buildConfigurationList = EB5D52F72DB02B13006802C9 /* Build configuration list for PBXNativeTarget "Tracker_appTests" */;
			buildPhases = (
				EB5D52DC2DB02B13006802C9 /* Sources */,
				EB5D52DD2DB02B13006802C9 /* Frameworks */,
				EB5D52DE2DB02B13006802C9 /* Resources */,
			);
			buildRules = (
			);
			dependencies = (
				EB5D52E22DB02B13006802C9 /* PBXTargetDependency */,
			);
			name = Tracker_appTests;
			productName = Tracker_appTests;
			productReference = EB5D52E02DB02B13006802C9 /* Tracker_appTests.xctest */;
			productType = "com.apple.product-type.bundle.unit-test";
		};
		EB5D52E92DB02B13006802C9 /* Tracker_appUITests */ = {
			isa = PBXNativeTarget;
			buildConfigurationList = EB5D52FA2DB02B13006802C9 /* Build configuration list for PBXNativeTarget "Tracker_appUITests" */;
			buildPhases = (
				EB5D52E62DB02B13006802C9 /* Sources */,
				EB5D52E72DB02B13006802C9 /* Frameworks */,
				EB5D52E82DB02B13006802C9 /* Resources */,
			);
			buildRules = (
			);
			dependencies = (
				EB5D52EC2DB02B13006802C9 /* PBXTargetDependency */,
			);
			name = Tracker_appUITests;
			productName = Tracker_appUITests;
			productReference = EB5D52EA2DB02B13006802C9 /* Tracker_appUITests.xctest */;
			productType = "com.apple.product-type.bundle.ui-testing";
		};
/* End PBXNativeTarget section */

/* Begin PBXProject section */
		EB5D52C22DB02B0F006802C9 /* Project object */ = {
			isa = PBXProject;
			attributes = {
				BuildIndependentTargetsInParallel = 1;
				LastSwiftUpdateCheck = 1500;
				LastUpgradeCheck = 1500;
				TargetAttributes = {
					EB5D52C92DB02B0F006802C9 = {
						CreatedOnToolsVersion = 15.0.1;
					};
					EB5D52DF2DB02B13006802C9 = {
						CreatedOnToolsVersion = 15.0.1;
						TestTargetID = EB5D52C92DB02B0F006802C9;
					};
					EB5D52E92DB02B13006802C9 = {
						CreatedOnToolsVersion = 15.0.1;
						TestTargetID = EB5D52C92DB02B0F006802C9;
					};
				};
			};
			buildConfigurationList = EB5D52C52DB02B0F006802C9 /* Build configuration list for PBXProject "Tracker_app" */;
			compatibilityVersion = "Xcode 14.0";
			developmentRegion = en;
			hasScannedForEncodings = 0;
			knownRegions = (
				en,
				Base,
			);
			mainGroup = EB5D52C12DB02B0F006802C9;
			productRefGroup = EB5D52CB2DB02B0F006802C9 /* Products */;
			projectDirPath = "";
			projectRoot = "";
			targets = (
				EB5D52C92DB02B0F006802C9 /* Tracker_app */,
				EB5D52DF2DB02B13006802C9 /* Tracker_appTests */,
				EB5D52E92DB02B13006802C9 /* Tracker_appUITests */,
			);
		};
/* End PBXProject section */

/* Begin PBXResourcesBuildPhase section */
		EB5D52C82DB02B0F006802C9 /* Resources */ = {
			isa = PBXResourcesBuildPhase;
			buildActionMask = 2147483647;
			files = (
				EB5D52DA2DB02B13006802C9 /* LaunchScreen.storyboard in Resources */,
				EB5D52D72DB02B13006802C9 /* Assets.xcassets in Resources */,
				EB5D52D52DB02B0F006802C9 /* Main.storyboard in Resources */,
			);
			runOnlyForDeploymentPostprocessing = 0;
		};
		EB5D52DE2DB02B13006802C9 /* Resources */ = {
			isa = PBXResourcesBuildPhase;
			buildActionMask = 2147483647;
			files = (
			);
			runOnlyForDeploymentPostprocessing = 0;
		};
		EB5D52E82DB02B13006802C9 /* Resources */ = {
			isa = PBXResourcesBuildPhase;
			buildActionMask = 2147483647;
			files = (
			);
			runOnlyForDeploymentPostprocessing = 0;
		};
/* End PBXResourcesBuildPhase section */

/* Begin PBXSourcesBuildPhase section */
		EB5D52C62DB02B0F006802C9 /* Sources */ = {
			isa = PBXSourcesBuildPhase;
			buildActionMask = 2147483647;
			files = (
				EB5D52FE2DB036C5006802C9 /* ViewUI.swift in Sources */,
				EB5D53002DB036DD006802C9 /* StructureTrackers.swift in Sources */,
				EB5D52D22DB02B0F006802C9 /* ViewController.swift in Sources */,
				EB5D52CE2DB02B0F006802C9 /* AppDelegate.swift in Sources */,
				EB5D53052DB037B3006802C9 /* TabBarController.swift in Sources */,
				EB5D530B2DB03833006802C9 /* MakeTrackerVC.swift in Sources */,
				EBCC09562DBBBBA5001CD63C /* TrackerRecordStoreError.swift in Sources */,
				EBCC094A2DBBBB03001CD63C /* TrackerStore.swift in Sources */,
				EBCC094C2DBBBB27001CD63C /* Bit.swift in Sources */,
				EBCC09502DBBBB5D001CD63C /* UIColorMarshalling.swift in Sources */,
				EBCC09462DBBBA73001CD63C /* TrackerCategoryStore.swift in Sources */,
				EB5D530F2DB038C6006802C9 /* SupplementaryView.swift in Sources */,
				EBCC09442DBBB953001CD63C /* Tracker.xcdatamodeld in Sources */,
				EBCC09542DBBBB90001CD63C /* CategoryStoreError.swift in Sources */,
				EBCC09582DBBBC3F001CD63C /* Weekdays.swift in Sources */,
				EB5D53032DB03765006802C9 /* TrackerCell.swift in Sources */,
				EBCC09482DBBBA91001CD63C /* TrackerRecordStore.swift in Sources */,
				EB5D530D2DB038A3006802C9 /* scheduleVC.swift in Sources */,
				EB5D53092DB0380E006802C9 /* StatisticsViewController.swift in Sources */,
				EBCC094E2DBBBB3E001CD63C /* ScheduleConvertor.swift in Sources */,
				EBCC09522DBBBB7B001CD63C /* TrackerStoreError.swift in Sources */,
				EB5D53072DB037E3006802C9 /* SettingsOfViewController.swift in Sources */,
				EB5D52D02DB02B0F006802C9 /* SceneDelegate.swift in Sources */,
			);
			runOnlyForDeploymentPostprocessing = 0;
		};
		EB5D52DC2DB02B13006802C9 /* Sources */ = {
			isa = PBXSourcesBuildPhase;
			buildActionMask = 2147483647;
			files = (
				EB5D52E52DB02B13006802C9 /* Tracker_appTests.swift in Sources */,
			);
			runOnlyForDeploymentPostprocessing = 0;
		};
		EB5D52E62DB02B13006802C9 /* Sources */ = {
			isa = PBXSourcesBuildPhase;
			buildActionMask = 2147483647;
			files = (
				EB5D52EF2DB02B13006802C9 /* Tracker_appUITests.swift in Sources */,
				EB5D52F12DB02B13006802C9 /* Tracker_appUITestsLaunchTests.swift in Sources */,
			);
			runOnlyForDeploymentPostprocessing = 0;
		};
/* End PBXSourcesBuildPhase section */

/* Begin PBXTargetDependency section */
		EB5D52E22DB02B13006802C9 /* PBXTargetDependency */ = {
			isa = PBXTargetDependency;
			target = EB5D52C92DB02B0F006802C9 /* Tracker_app */;
			targetProxy = EB5D52E12DB02B13006802C9 /* PBXContainerItemProxy */;
		};
		EB5D52EC2DB02B13006802C9 /* PBXTargetDependency */ = {
			isa = PBXTargetDependency;
			target = EB5D52C92DB02B0F006802C9 /* Tracker_app */;
			targetProxy = EB5D52EB2DB02B13006802C9 /* PBXContainerItemProxy */;
		};
/* End PBXTargetDependency section */

/* Begin PBXVariantGroup section */
		EB5D52D32DB02B0F006802C9 /* Main.storyboard */ = {
			isa = PBXVariantGroup;
			children = (
				EB5D52D42DB02B0F006802C9 /* Base */,
			);
			name = Main.storyboard;
			sourceTree = "<group>";
		};
		EB5D52D82DB02B13006802C9 /* LaunchScreen.storyboard */ = {
			isa = PBXVariantGroup;
			children = (
				EB5D52D92DB02B13006802C9 /* Base */,
			);
			name = LaunchScreen.storyboard;
			sourceTree = "<group>";
		};
/* End PBXVariantGroup section */

/* Begin XCBuildConfiguration section */
		EB5D52F22DB02B13006802C9 /* Debug */ = {
			isa = XCBuildConfiguration;
			buildSettings = {
				ALWAYS_SEARCH_USER_PATHS = NO;
				ASSETCATALOG_COMPILER_GENERATE_SWIFT_ASSET_SYMBOL_EXTENSIONS = YES;
				CLANG_ANALYZER_NONNULL = YES;
				CLANG_ANALYZER_NUMBER_OBJECT_CONVERSION = YES_AGGRESSIVE;
				CLANG_CXX_LANGUAGE_STANDARD = "gnu++20";
				CLANG_ENABLE_MODULES = YES;
				CLANG_ENABLE_OBJC_ARC = YES;
				CLANG_ENABLE_OBJC_WEAK = YES;
				CLANG_WARN_BLOCK_CAPTURE_AUTORELEASING = YES;
				CLANG_WARN_BOOL_CONVERSION = YES;
				CLANG_WARN_COMMA = YES;
				CLANG_WARN_CONSTANT_CONVERSION = YES;
				CLANG_WARN_DEPRECATED_OBJC_IMPLEMENTATIONS = YES;
				CLANG_WARN_DIRECT_OBJC_ISA_USAGE = YES_ERROR;
				CLANG_WARN_DOCUMENTATION_COMMENTS = YES;
				CLANG_WARN_EMPTY_BODY = YES;
				CLANG_WARN_ENUM_CONVERSION = YES;
				CLANG_WARN_INFINITE_RECURSION = YES;
				CLANG_WARN_INT_CONVERSION = YES;
				CLANG_WARN_NON_LITERAL_NULL_CONVERSION = YES;
				CLANG_WARN_OBJC_IMPLICIT_RETAIN_SELF = YES;
				CLANG_WARN_OBJC_LITERAL_CONVERSION = YES;
				CLANG_WARN_OBJC_ROOT_CLASS = YES_ERROR;
				CLANG_WARN_QUOTED_INCLUDE_IN_FRAMEWORK_HEADER = YES;
				CLANG_WARN_RANGE_LOOP_ANALYSIS = YES;
				CLANG_WARN_STRICT_PROTOTYPES = YES;
				CLANG_WARN_SUSPICIOUS_MOVE = YES;
				CLANG_WARN_UNGUARDED_AVAILABILITY = YES_AGGRESSIVE;
				CLANG_WARN_UNREACHABLE_CODE = YES;
				CLANG_WARN__DUPLICATE_METHOD_MATCH = YES;
				COPY_PHASE_STRIP = NO;
				DEBUG_INFORMATION_FORMAT = dwarf;
				ENABLE_STRICT_OBJC_MSGSEND = YES;
				ENABLE_TESTABILITY = YES;
				ENABLE_USER_SCRIPT_SANDBOXING = YES;
				GCC_C_LANGUAGE_STANDARD = gnu17;
				GCC_DYNAMIC_NO_PIC = NO;
				GCC_NO_COMMON_BLOCKS = YES;
				GCC_OPTIMIZATION_LEVEL = 0;
				GCC_PREPROCESSOR_DEFINITIONS = (
					"DEBUG=1",
					"$(inherited)",
				);
				GCC_WARN_64_TO_32_BIT_CONVERSION = YES;
				GCC_WARN_ABOUT_RETURN_TYPE = YES_ERROR;
				GCC_WARN_UNDECLARED_SELECTOR = YES;
				GCC_WARN_UNINITIALIZED_AUTOS = YES_AGGRESSIVE;
				GCC_WARN_UNUSED_FUNCTION = YES;
				GCC_WARN_UNUSED_VARIABLE = YES;
				IPHONEOS_DEPLOYMENT_TARGET = 17.0;
				LOCALIZATION_PREFERS_STRING_CATALOGS = YES;
				MTL_ENABLE_DEBUG_INFO = INCLUDE_SOURCE;
				MTL_FAST_MATH = YES;
				ONLY_ACTIVE_ARCH = YES;
				SDKROOT = iphoneos;
				SWIFT_ACTIVE_COMPILATION_CONDITIONS = "DEBUG $(inherited)";
				SWIFT_OPTIMIZATION_LEVEL = "-Onone";
			};
			name = Debug;
		};
		EB5D52F32DB02B13006802C9 /* Release */ = {
			isa = XCBuildConfiguration;
			buildSettings = {
				ALWAYS_SEARCH_USER_PATHS = NO;
				ASSETCATALOG_COMPILER_GENERATE_SWIFT_ASSET_SYMBOL_EXTENSIONS = YES;
				CLANG_ANALYZER_NONNULL = YES;
				CLANG_ANALYZER_NUMBER_OBJECT_CONVERSION = YES_AGGRESSIVE;
				CLANG_CXX_LANGUAGE_STANDARD = "gnu++20";
				CLANG_ENABLE_MODULES = YES;
				CLANG_ENABLE_OBJC_ARC = YES;
				CLANG_ENABLE_OBJC_WEAK = YES;
				CLANG_WARN_BLOCK_CAPTURE_AUTORELEASING = YES;
				CLANG_WARN_BOOL_CONVERSION = YES;
				CLANG_WARN_COMMA = YES;
				CLANG_WARN_CONSTANT_CONVERSION = YES;
				CLANG_WARN_DEPRECATED_OBJC_IMPLEMENTATIONS = YES;
				CLANG_WARN_DIRECT_OBJC_ISA_USAGE = YES_ERROR;
				CLANG_WARN_DOCUMENTATION_COMMENTS = YES;
				CLANG_WARN_EMPTY_BODY = YES;
				CLANG_WARN_ENUM_CONVERSION = YES;
				CLANG_WARN_INFINITE_RECURSION = YES;
				CLANG_WARN_INT_CONVERSION = YES;
				CLANG_WARN_NON_LITERAL_NULL_CONVERSION = YES;
				CLANG_WARN_OBJC_IMPLICIT_RETAIN_SELF = YES;
				CLANG_WARN_OBJC_LITERAL_CONVERSION = YES;
				CLANG_WARN_OBJC_ROOT_CLASS = YES_ERROR;
				CLANG_WARN_QUOTED_INCLUDE_IN_FRAMEWORK_HEADER = YES;
				CLANG_WARN_RANGE_LOOP_ANALYSIS = YES;
				CLANG_WARN_STRICT_PROTOTYPES = YES;
				CLANG_WARN_SUSPICIOUS_MOVE = YES;
				CLANG_WARN_UNGUARDED_AVAILABILITY = YES_AGGRESSIVE;
				CLANG_WARN_UNREACHABLE_CODE = YES;
				CLANG_WARN__DUPLICATE_METHOD_MATCH = YES;
				COPY_PHASE_STRIP = NO;
				DEBUG_INFORMATION_FORMAT = "dwarf-with-dsym";
				ENABLE_NS_ASSERTIONS = NO;
				ENABLE_STRICT_OBJC_MSGSEND = YES;
				ENABLE_USER_SCRIPT_SANDBOXING = YES;
				GCC_C_LANGUAGE_STANDARD = gnu17;
				GCC_NO_COMMON_BLOCKS = YES;
				GCC_WARN_64_TO_32_BIT_CONVERSION = YES;
				GCC_WARN_ABOUT_RETURN_TYPE = YES_ERROR;
				GCC_WARN_UNDECLARED_SELECTOR = YES;
				GCC_WARN_UNINITIALIZED_AUTOS = YES_AGGRESSIVE;
				GCC_WARN_UNUSED_FUNCTION = YES;
				GCC_WARN_UNUSED_VARIABLE = YES;
				IPHONEOS_DEPLOYMENT_TARGET = 17.0;
				LOCALIZATION_PREFERS_STRING_CATALOGS = YES;
				MTL_ENABLE_DEBUG_INFO = NO;
				MTL_FAST_MATH = YES;
				SDKROOT = iphoneos;
				SWIFT_COMPILATION_MODE = wholemodule;
				VALIDATE_PRODUCT = YES;
			};
			name = Release;
		};
		EB5D52F52DB02B13006802C9 /* Debug */ = {
			isa = XCBuildConfiguration;
			buildSettings = {
				ASSETCATALOG_COMPILER_APPICON_NAME = AppIcon;
				ASSETCATALOG_COMPILER_GLOBAL_ACCENT_COLOR_NAME = AccentColor;
				CODE_SIGN_STYLE = Automatic;
				CURRENT_PROJECT_VERSION = 1;
				GENERATE_INFOPLIST_FILE = YES;
				INFOPLIST_FILE = Tracker_app/Info.plist;
				INFOPLIST_KEY_UIApplicationSupportsIndirectInputEvents = YES;
				INFOPLIST_KEY_UILaunchStoryboardName = LaunchScreen;
				INFOPLIST_KEY_UIMainStoryboardFile = Main;
				INFOPLIST_KEY_UISupportedInterfaceOrientations_iPad = "UIInterfaceOrientationPortrait UIInterfaceOrientationPortraitUpsideDown UIInterfaceOrientationLandscapeLeft UIInterfaceOrientationLandscapeRight";
				INFOPLIST_KEY_UISupportedInterfaceOrientations_iPhone = "UIInterfaceOrientationPortrait UIInterfaceOrientationLandscapeLeft UIInterfaceOrientationLandscapeRight";
				IPHONEOS_DEPLOYMENT_TARGET = 13.4;
				LD_RUNPATH_SEARCH_PATHS = (
					"$(inherited)",
					"@executable_path/Frameworks",
				);
				MARKETING_VERSION = 1.0;
				PRODUCT_BUNDLE_IDENTIFIER = "https---github.com-roudYStorm.Tracker-app";
				PRODUCT_NAME = "$(TARGET_NAME)";
				SWIFT_EMIT_LOC_STRINGS = YES;
				SWIFT_VERSION = 5.0;
				TARGETED_DEVICE_FAMILY = "1,2";
			};
			name = Debug;
		};
		EB5D52F62DB02B13006802C9 /* Release */ = {
			isa = XCBuildConfiguration;
			buildSettings = {
				ASSETCATALOG_COMPILER_APPICON_NAME = AppIcon;
				ASSETCATALOG_COMPILER_GLOBAL_ACCENT_COLOR_NAME = AccentColor;
				CODE_SIGN_STYLE = Automatic;
				CURRENT_PROJECT_VERSION = 1;
				GENERATE_INFOPLIST_FILE = YES;
				INFOPLIST_FILE = Tracker_app/Info.plist;
				INFOPLIST_KEY_UIApplicationSupportsIndirectInputEvents = YES;
				INFOPLIST_KEY_UILaunchStoryboardName = LaunchScreen;
				INFOPLIST_KEY_UIMainStoryboardFile = Main;
				INFOPLIST_KEY_UISupportedInterfaceOrientations_iPad = "UIInterfaceOrientationPortrait UIInterfaceOrientationPortraitUpsideDown UIInterfaceOrientationLandscapeLeft UIInterfaceOrientationLandscapeRight";
				INFOPLIST_KEY_UISupportedInterfaceOrientations_iPhone = "UIInterfaceOrientationPortrait UIInterfaceOrientationLandscapeLeft UIInterfaceOrientationLandscapeRight";
				IPHONEOS_DEPLOYMENT_TARGET = 13.4;
				LD_RUNPATH_SEARCH_PATHS = (
					"$(inherited)",
					"@executable_path/Frameworks",
				);
				MARKETING_VERSION = 1.0;
				PRODUCT_BUNDLE_IDENTIFIER = "https---github.com-roudYStorm.Tracker-app";
				PRODUCT_NAME = "$(TARGET_NAME)";
				SWIFT_EMIT_LOC_STRINGS = YES;
				SWIFT_VERSION = 5.0;
				TARGETED_DEVICE_FAMILY = "1,2";
			};
			name = Release;
		};
		EB5D52F82DB02B13006802C9 /* Debug */ = {
			isa = XCBuildConfiguration;
			buildSettings = {
				ALWAYS_EMBED_SWIFT_STANDARD_LIBRARIES = YES;
				BUNDLE_LOADER = "$(TEST_HOST)";
				CODE_SIGN_STYLE = Automatic;
				CURRENT_PROJECT_VERSION = 1;
				GENERATE_INFOPLIST_FILE = YES;
				IPHONEOS_DEPLOYMENT_TARGET = 17.0;
				MARKETING_VERSION = 1.0;
				PRODUCT_BUNDLE_IDENTIFIER = "https---github.com-roudYStorm.Tracker-appTests";
				PRODUCT_NAME = "$(TARGET_NAME)";
				SWIFT_EMIT_LOC_STRINGS = NO;
				SWIFT_VERSION = 5.0;
				TARGETED_DEVICE_FAMILY = "1,2";
				TEST_HOST = "$(BUILT_PRODUCTS_DIR)/Tracker_app.app/$(BUNDLE_EXECUTABLE_FOLDER_PATH)/Tracker_app";
			};
			name = Debug;
		};
		EB5D52F92DB02B13006802C9 /* Release */ = {
			isa = XCBuildConfiguration;
			buildSettings = {
				ALWAYS_EMBED_SWIFT_STANDARD_LIBRARIES = YES;
				BUNDLE_LOADER = "$(TEST_HOST)";
				CODE_SIGN_STYLE = Automatic;
				CURRENT_PROJECT_VERSION = 1;
				GENERATE_INFOPLIST_FILE = YES;
				IPHONEOS_DEPLOYMENT_TARGET = 17.0;
				MARKETING_VERSION = 1.0;
				PRODUCT_BUNDLE_IDENTIFIER = "https---github.com-roudYStorm.Tracker-appTests";
				PRODUCT_NAME = "$(TARGET_NAME)";
				SWIFT_EMIT_LOC_STRINGS = NO;
				SWIFT_VERSION = 5.0;
				TARGETED_DEVICE_FAMILY = "1,2";
				TEST_HOST = "$(BUILT_PRODUCTS_DIR)/Tracker_app.app/$(BUNDLE_EXECUTABLE_FOLDER_PATH)/Tracker_app";
			};
			name = Release;
		};
		EB5D52FB2DB02B13006802C9 /* Debug */ = {
			isa = XCBuildConfiguration;
			buildSettings = {
				ALWAYS_EMBED_SWIFT_STANDARD_LIBRARIES = YES;
				CODE_SIGN_STYLE = Automatic;
				CURRENT_PROJECT_VERSION = 1;
				GENERATE_INFOPLIST_FILE = YES;
				MARKETING_VERSION = 1.0;
				PRODUCT_BUNDLE_IDENTIFIER = "https---github.com-roudYStorm.Tracker-appUITests";
				PRODUCT_NAME = "$(TARGET_NAME)";
				SWIFT_EMIT_LOC_STRINGS = NO;
				SWIFT_VERSION = 5.0;
				TARGETED_DEVICE_FAMILY = "1,2";
				TEST_TARGET_NAME = Tracker_app;
			};
			name = Debug;
		};
		EB5D52FC2DB02B13006802C9 /* Release */ = {
			isa = XCBuildConfiguration;
			buildSettings = {
				ALWAYS_EMBED_SWIFT_STANDARD_LIBRARIES = YES;
				CODE_SIGN_STYLE = Automatic;
				CURRENT_PROJECT_VERSION = 1;
				GENERATE_INFOPLIST_FILE = YES;
				MARKETING_VERSION = 1.0;
				PRODUCT_BUNDLE_IDENTIFIER = "https---github.com-roudYStorm.Tracker-appUITests";
				PRODUCT_NAME = "$(TARGET_NAME)";
				SWIFT_EMIT_LOC_STRINGS = NO;
				SWIFT_VERSION = 5.0;
				TARGETED_DEVICE_FAMILY = "1,2";
				TEST_TARGET_NAME = Tracker_app;
			};
			name = Release;
		};
/* End XCBuildConfiguration section */

/* Begin XCConfigurationList section */
		EB5D52C52DB02B0F006802C9 /* Build configuration list for PBXProject "Tracker_app" */ = {
			isa = XCConfigurationList;
			buildConfigurations = (
				EB5D52F22DB02B13006802C9 /* Debug */,
				EB5D52F32DB02B13006802C9 /* Release */,
			);
			defaultConfigurationIsVisible = 0;
			defaultConfigurationName = Release;
		};
		EB5D52F42DB02B13006802C9 /* Build configuration list for PBXNativeTarget "Tracker_app" */ = {
			isa = XCConfigurationList;
			buildConfigurations = (
				EB5D52F52DB02B13006802C9 /* Debug */,
				EB5D52F62DB02B13006802C9 /* Release */,
			);
			defaultConfigurationIsVisible = 0;
			defaultConfigurationName = Release;
		};
		EB5D52F72DB02B13006802C9 /* Build configuration list for PBXNativeTarget "Tracker_appTests" */ = {
			isa = XCConfigurationList;
			buildConfigurations = (
				EB5D52F82DB02B13006802C9 /* Debug */,
				EB5D52F92DB02B13006802C9 /* Release */,
			);
			defaultConfigurationIsVisible = 0;
			defaultConfigurationName = Release;
		};
		EB5D52FA2DB02B13006802C9 /* Build configuration list for PBXNativeTarget "Tracker_appUITests" */ = {
			isa = XCConfigurationList;
			buildConfigurations = (
				EB5D52FB2DB02B13006802C9 /* Debug */,
				EB5D52FC2DB02B13006802C9 /* Release */,
			);
			defaultConfigurationIsVisible = 0;
			defaultConfigurationName = Release;
		};
/* End XCConfigurationList section */

/* Begin XCVersionGroup section */
		EBCC09422DBBB953001CD63C /* Tracker.xcdatamodeld */ = {
			isa = XCVersionGroup;
			children = (
				EBCC09432DBBB953001CD63C /* Tracker.xcdatamodel */,
			);
			currentVersion = EBCC09432DBBB953001CD63C /* Tracker.xcdatamodel */;
			path = Tracker.xcdatamodeld;
			sourceTree = "<group>";
			versionGroupType = wrapper.xcdatamodel;
		};
/* End XCVersionGroup section */
	};
	rootObject = EB5D52C22DB02B0F006802C9 /* Project object */;
}
