// !$*UTF8*$!
{
	archiveVersion = 1;
	classes = {
	};
	objectVersion = 56;
	objects = {

/* Begin PBXBuildFile section */
		EB1D05042DC672EA00EED1A2 /* FiltersViewController.swift in Sources */ = {isa = PBXBuildFile; fileRef = EB1D05032DC672EA00EED1A2 /* FiltersViewController.swift */; };
		EB1D05062DC6730100EED1A2 /* FiltersTableViewCell.swift in Sources */ = {isa = PBXBuildFile; fileRef = EB1D05052DC6730100EED1A2 /* FiltersTableViewCell.swift */; };
		EB1D05082DC6731400EED1A2 /* FiltersEnum.swift in Sources */ = {isa = PBXBuildFile; fileRef = EB1D05072DC6731400EED1A2 /* FiltersEnum.swift */; };
		EB1D050B2DC6734F00EED1A2 /* EditTrackerViewController.swift in Sources */ = {isa = PBXBuildFile; fileRef = EB1D050A2DC6734F00EED1A2 /* EditTrackerViewController.swift */; };
		EB1D050D2DC6738000EED1A2 /* EditingViewModel.swift in Sources */ = {isa = PBXBuildFile; fileRef = EB1D050C2DC6738000EED1A2 /* EditingViewModel.swift */; };
		EB1D050F2DC6739500EED1A2 /* TrackerInfoModel.swift in Sources */ = {isa = PBXBuildFile; fileRef = EB1D050E2DC6739500EED1A2 /* TrackerInfoModel.swift */; };
		EB1D05122DC673EC00EED1A2 /* AnalyticsService.swift in Sources */ = {isa = PBXBuildFile; fileRef = EB1D05112DC673EC00EED1A2 /* AnalyticsService.swift */; };
		EB1D05142DC6740000EED1A2 /* AnalyticEvent.swift in Sources */ = {isa = PBXBuildFile; fileRef = EB1D05132DC6740000EED1A2 /* AnalyticEvent.swift */; };
		EB1D05282DC6767500EED1A2 /* Localizable.strings in Resources */ = {isa = PBXBuildFile; fileRef = EB1D052A2DC6767500EED1A2 /* Localizable.strings */; };
		EB1D052E2DC676C800EED1A2 /* Localizable.stringsdict in Resources */ = {isa = PBXBuildFile; fileRef = EB1D05302DC676C800EED1A2 /* Localizable.stringsdict */; };
		EB1D05342DC682FF00EED1A2 /* Constants.swift in Sources */ = {isa = PBXBuildFile; fileRef = EB1D05332DC682FF00EED1A2 /* Constants.swift */; };
		EB1D05362DC6834E00EED1A2 /* Sections.swift in Sources */ = {isa = PBXBuildFile; fileRef = EB1D05352DC6834E00EED1A2 /* Sections.swift */; };
		EB1D05382DC6836500EED1A2 /* TrackerTypeSections.swift in Sources */ = {isa = PBXBuildFile; fileRef = EB1D05372DC6836500EED1A2 /* TrackerTypeSections.swift */; };
		EB1D053A2DC6837900EED1A2 /* CellSize.swift in Sources */ = {isa = PBXBuildFile; fileRef = EB1D05392DC6837900EED1A2 /* CellSize.swift */; };
		EB1D053C2DC68C6000EED1A2 /* StaticticsTableCell.swift in Sources */ = {isa = PBXBuildFile; fileRef = EB1D053B2DC68C6000EED1A2 /* StaticticsTableCell.swift */; };
		EB1D053E2DC68D1C00EED1A2 /* TrackerPresenter.swift in Sources */ = {isa = PBXBuildFile; fileRef = EB1D053D2DC68D1C00EED1A2 /* TrackerPresenter.swift */; };
		EB1D05402DC6904E00EED1A2 /* AlertFactory.swift in Sources */ = {isa = PBXBuildFile; fileRef = EB1D053F2DC6904E00EED1A2 /* AlertFactory.swift */; };
		EB1D054D2DC692D700EED1A2 /* TrackerTests.swift in Sources */ = {isa = PBXBuildFile; fileRef = EB1D054C2DC692D700EED1A2 /* TrackerTests.swift */; };
		EB5D52CE2DB02B0F006802C9 /* AppDelegate.swift in Sources */ = {isa = PBXBuildFile; fileRef = EB5D52CD2DB02B0F006802C9 /* AppDelegate.swift */; };
		EB5D52D02DB02B0F006802C9 /* SceneDelegate.swift in Sources */ = {isa = PBXBuildFile; fileRef = EB5D52CF2DB02B0F006802C9 /* SceneDelegate.swift */; };
		EB5D52D22DB02B0F006802C9 /* ViewController.swift in Sources */ = {isa = PBXBuildFile; fileRef = EB5D52D12DB02B0F006802C9 /* ViewController.swift */; };
		EB5D52D72DB02B13006802C9 /* Assets.xcassets in Resources */ = {isa = PBXBuildFile; fileRef = EB5D52D62DB02B13006802C9 /* Assets.xcassets */; };
		EB5D52DA2DB02B13006802C9 /* LaunchScreen.storyboard in Resources */ = {isa = PBXBuildFile; fileRef = EB5D52D82DB02B13006802C9 /* LaunchScreen.storyboard */; };
		EB5D52E52DB02B13006802C9 /* Tracker_appTests.swift in Sources */ = {isa = PBXBuildFile; fileRef = EB5D52E42DB02B13006802C9 /* Tracker_appTests.swift */; };
		EB5D52EF2DB02B13006802C9 /* Tracker_appUITests.swift in Sources */ = {isa = PBXBuildFile; fileRef = EB5D52EE2DB02B13006802C9 /* Tracker_appUITests.swift */; };
		EB5D52F12DB02B13006802C9 /* Tracker_appUITestsLaunchTests.swift in Sources */ = {isa = PBXBuildFile; fileRef = EB5D52F02DB02B13006802C9 /* Tracker_appUITestsLaunchTests.swift */; };
		EB5D52FE2DB036C5006802C9 /* ViewUI.swift in Sources */ = {isa = PBXBuildFile; fileRef = EB5D52FD2DB036C5006802C9 /* ViewUI.swift */; };
		EB5D53032DB03765006802C9 /* TrackerCollectionViewCell.swift in Sources */ = {isa = PBXBuildFile; fileRef = EB5D53022DB03765006802C9 /* TrackerCollectionViewCell.swift */; };
		EB5D53052DB037B3006802C9 /* TabBarController.swift in Sources */ = {isa = PBXBuildFile; fileRef = EB5D53042DB037B3006802C9 /* TabBarController.swift */; };
		EB5D53092DB0380E006802C9 /* StatisticsViewController.swift in Sources */ = {isa = PBXBuildFile; fileRef = EB5D53082DB0380E006802C9 /* StatisticsViewController.swift */; };
		EB5D530D2DB038A3006802C9 /* scheduleVC.swift in Sources */ = {isa = PBXBuildFile; fileRef = EB5D530C2DB038A3006802C9 /* scheduleVC.swift */; };
		EBCC09442DBBB953001CD63C /* Tracker.xcdatamodeld in Sources */ = {isa = PBXBuildFile; fileRef = EBCC09422DBBB953001CD63C /* Tracker.xcdatamodeld */; };
		EBCC09462DBBBA73001CD63C /* TrackerCategoryStore.swift in Sources */ = {isa = PBXBuildFile; fileRef = EBCC09452DBBBA73001CD63C /* TrackerCategoryStore.swift */; };
		EBCC09482DBBBA91001CD63C /* TrackerRecordStore.swift in Sources */ = {isa = PBXBuildFile; fileRef = EBCC09472DBBBA91001CD63C /* TrackerRecordStore.swift */; };
		EBCC094A2DBBBB03001CD63C /* TrackerStore.swift in Sources */ = {isa = PBXBuildFile; fileRef = EBCC09492DBBBB03001CD63C /* TrackerStore.swift */; };
		EBCC094C2DBBBB27001CD63C /* Bit.swift in Sources */ = {isa = PBXBuildFile; fileRef = EBCC094B2DBBBB27001CD63C /* Bit.swift */; };
		EBCC094E2DBBBB3E001CD63C /* ScheduleConvertor.swift in Sources */ = {isa = PBXBuildFile; fileRef = EBCC094D2DBBBB3E001CD63C /* ScheduleConvertor.swift */; };
		EBCC09502DBBBB5D001CD63C /* UIColorMarshalling.swift in Sources */ = {isa = PBXBuildFile; fileRef = EBCC094F2DBBBB5D001CD63C /* UIColorMarshalling.swift */; };
		EBCC09522DBBBB7B001CD63C /* TrackerStoreError.swift in Sources */ = {isa = PBXBuildFile; fileRef = EBCC09512DBBBB7B001CD63C /* TrackerStoreError.swift */; };
		EBCC09542DBBBB90001CD63C /* CategoryStoreError.swift in Sources */ = {isa = PBXBuildFile; fileRef = EBCC09532DBBBB90001CD63C /* CategoryStoreError.swift */; };
		EBCC09562DBBBBA5001CD63C /* TrackerRecordStoreError.swift in Sources */ = {isa = PBXBuildFile; fileRef = EBCC09552DBBBBA5001CD63C /* TrackerRecordStoreError.swift */; };
		EBCC09582DBBBC3F001CD63C /* Weekdays.swift in Sources */ = {isa = PBXBuildFile; fileRef = EBCC09572DBBBC3F001CD63C /* Weekdays.swift */; };
		EBCC09632DC14FE6001CD63C /* TrackerInfoCell.swift in Sources */ = {isa = PBXBuildFile; fileRef = EBCC09622DC14FE6001CD63C /* TrackerInfoCell.swift */; };
		EBCC09652DC1501B001CD63C /* TrackerRecord.swift in Sources */ = {isa = PBXBuildFile; fileRef = EBCC09642DC1501B001CD63C /* TrackerRecord.swift */; };
		EBCC09672DC15059001CD63C /* TrackerCategory.swift in Sources */ = {isa = PBXBuildFile; fileRef = EBCC09662DC15059001CD63C /* TrackerCategory.swift */; };
		EBCC09692DC15088001CD63C /* Tracker.swift in Sources */ = {isa = PBXBuildFile; fileRef = EBCC09682DC15088001CD63C /* Tracker.swift */; };
		EBCC096B2DC156A4001CD63C /* TrackerCounterDelegate.swift in Sources */ = {isa = PBXBuildFile; fileRef = EBCC096A2DC156A4001CD63C /* TrackerCounterDelegate.swift */; };
		EBCC096D2DC156C0001CD63C /* HeaderCollectionReusableView.swift in Sources */ = {isa = PBXBuildFile; fileRef = EBCC096C2DC156C0001CD63C /* HeaderCollectionReusableView.swift */; };
		EBCC09702DC15787001CD63C /* ScheduleProtocol.swift in Sources */ = {isa = PBXBuildFile; fileRef = EBCC096F2DC15787001CD63C /* ScheduleProtocol.swift */; };
		EBCC09722DC1579F001CD63C /* ScheduleTableCell.swift in Sources */ = {isa = PBXBuildFile; fileRef = EBCC09712DC1579F001CD63C /* ScheduleTableCell.swift */; };
		EBCC09752DC1581C001CD63C /* ButtonsCell.swift in Sources */ = {isa = PBXBuildFile; fileRef = EBCC09742DC1581C001CD63C /* ButtonsCell.swift */; };
		EBCC09772DC15848001CD63C /* ButtonTableViewCell.swift in Sources */ = {isa = PBXBuildFile; fileRef = EBCC09762DC15848001CD63C /* ButtonTableViewCell.swift */; };
		EBCC09792DC15863001CD63C /* EmojiCell.swift in Sources */ = {isa = PBXBuildFile; fileRef = EBCC09782DC15863001CD63C /* EmojiCell.swift */; };
		EBCC097B2DC15878001CD63C /* ColorCell.swift in Sources */ = {isa = PBXBuildFile; fileRef = EBCC097A2DC15878001CD63C /* ColorCell.swift */; };
		EBCC097D2DC15892001CD63C /* NameTrackerCell.swift in Sources */ = {isa = PBXBuildFile; fileRef = EBCC097C2DC15892001CD63C /* NameTrackerCell.swift */; };
		EBCC097F2DC158A9001CD63C /* State.swift in Sources */ = {isa = PBXBuildFile; fileRef = EBCC097E2DC158A9001CD63C /* State.swift */; };
		EBCC09812DC158DB001CD63C /* NewTrackerViewController.swift in Sources */ = {isa = PBXBuildFile; fileRef = EBCC09802DC158DB001CD63C /* NewTrackerViewController.swift */; };
		EBCC09832DC158F1001CD63C /* NewEventCreationViewController.swift in Sources */ = {isa = PBXBuildFile; fileRef = EBCC09822DC158F1001CD63C /* NewEventCreationViewController.swift */; };
		EBCC09852DC15906001CD63C /* NewHabitCreationViewController.swift in Sources */ = {isa = PBXBuildFile; fileRef = EBCC09842DC15906001CD63C /* NewHabitCreationViewController.swift */; };
		EBCC09872DC1591D001CD63C /* CreationTrackerViewController.swift in Sources */ = {isa = PBXBuildFile; fileRef = EBCC09862DC1591D001CD63C /* CreationTrackerViewController.swift */; };
		EBCC09892DC1593C001CD63C /* ConfigureTrackerCreationProtocol.swift in Sources */ = {isa = PBXBuildFile; fileRef = EBCC09882DC1593C001CD63C /* ConfigureTrackerCreationProtocol.swift */; };
		EBCC098B2DC15957001CD63C /* TrackerCreationDelegate.swift in Sources */ = {isa = PBXBuildFile; fileRef = EBCC098A2DC15957001CD63C /* TrackerCreationDelegate.swift */; };
		EBCC098D2DC159AE001CD63C /* ExtentionUITextField.swift in Sources */ = {isa = PBXBuildFile; fileRef = EBCC098C2DC159AE001CD63C /* ExtentionUITextField.swift */; };
		EBCC098F2DC159C3001CD63C /* PreviewVCExtention.swift in Sources */ = {isa = PBXBuildFile; fileRef = EBCC098E2DC159C3001CD63C /* PreviewVCExtention.swift */; };
		EBCC09912DC159D5001CD63C /* PlaceHolderView.swift in Sources */ = {isa = PBXBuildFile; fileRef = EBCC09902DC159D5001CD63C /* PlaceHolderView.swift */; };
		EBCC09932DC15A9E001CD63C /* ExtentionUIColor.swift in Sources */ = {isa = PBXBuildFile; fileRef = EBCC09922DC15A9E001CD63C /* ExtentionUIColor.swift */; };
		EBCC09952DC15EAF001CD63C /* Main.storyboard in Resources */ = {isa = PBXBuildFile; fileRef = EBCC09942DC15EAF001CD63C /* Main.storyboard */; };
		EBCC09982DC4010B001CD63C /* ViewConfigurableProtocol.swift in Sources */ = {isa = PBXBuildFile; fileRef = EBCC09972DC4010B001CD63C /* ViewConfigurableProtocol.swift */; };
		EBCC099B2DC40165001CD63C /* CategoryViewController.swift in Sources */ = {isa = PBXBuildFile; fileRef = EBCC099A2DC40165001CD63C /* CategoryViewController.swift */; };
		EBCC099D2DC4017E001CD63C /* CategoryCreationViewController.swift in Sources */ = {isa = PBXBuildFile; fileRef = EBCC099C2DC4017E001CD63C /* CategoryCreationViewController.swift */; };
		EBCC099F2DC40194001CD63C /* CategoryCell.swift in Sources */ = {isa = PBXBuildFile; fileRef = EBCC099E2DC40194001CD63C /* CategoryCell.swift */; };
		EBCC09A12DC401AF001CD63C /* CategoryViewModel.swift in Sources */ = {isa = PBXBuildFile; fileRef = EBCC09A02DC401AF001CD63C /* CategoryViewModel.swift */; };
		EBCC09A32DC401C3001CD63C /* CategoriesViewModel.swift in Sources */ = {isa = PBXBuildFile; fileRef = EBCC09A22DC401C3001CD63C /* CategoriesViewModel.swift */; };
		EBCC09A62DC401F5001CD63C /* OnboardingViewController.swift in Sources */ = {isa = PBXBuildFile; fileRef = EBCC09A52DC401F5001CD63C /* OnboardingViewController.swift */; };
		EBCC09A82DC4020B001CD63C /* SinglePageOnboardingViewController.swift in Sources */ = {isa = PBXBuildFile; fileRef = EBCC09A72DC4020B001CD63C /* SinglePageOnboardingViewController.swift */; };
/* End PBXBuildFile section */

/* Begin PBXContainerItemProxy section */
		EB1D054E2DC692D700EED1A2 /* PBXContainerItemProxy */ = {
			isa = PBXContainerItemProxy;
			containerPortal = EB5D52C22DB02B0F006802C9 /* Project object */;
			proxyType = 1;
			remoteGlobalIDString = EB5D52C92DB02B0F006802C9;
			remoteInfo = Tracker_app;
		};
		EB5D52E12DB02B13006802C9 /* PBXContainerItemProxy */ = {
			isa = PBXContainerItemProxy;
			containerPortal = EB5D52C22DB02B0F006802C9 /* Project object */;
			proxyType = 1;
			remoteGlobalIDString = EB5D52C92DB02B0F006802C9;
			remoteInfo = Tracker_app;
		};
		EB5D52EB2DB02B13006802C9 /* PBXContainerItemProxy */ = {
			isa = PBXContainerItemProxy;
			containerPortal = EB5D52C22DB02B0F006802C9 /* Project object */;
			proxyType = 1;
			remoteGlobalIDString = EB5D52C92DB02B0F006802C9;
			remoteInfo = Tracker_app;
		};
/* End PBXContainerItemProxy section */

/* Begin PBXFileReference section */
		EB1D05032DC672EA00EED1A2 /* FiltersViewController.swift */ = {isa = PBXFileReference; lastKnownFileType = sourcecode.swift; path = FiltersViewController.swift; sourceTree = "<group>"; };
		EB1D05052DC6730100EED1A2 /* FiltersTableViewCell.swift */ = {isa = PBXFileReference; lastKnownFileType = sourcecode.swift; path = FiltersTableViewCell.swift; sourceTree = "<group>"; };
		EB1D05072DC6731400EED1A2 /* FiltersEnum.swift */ = {isa = PBXFileReference; lastKnownFileType = sourcecode.swift; path = FiltersEnum.swift; sourceTree = "<group>"; };
		EB1D050A2DC6734F00EED1A2 /* EditTrackerViewController.swift */ = {isa = PBXFileReference; lastKnownFileType = sourcecode.swift; path = EditTrackerViewController.swift; sourceTree = "<group>"; };
		EB1D050C2DC6738000EED1A2 /* EditingViewModel.swift */ = {isa = PBXFileReference; lastKnownFileType = sourcecode.swift; path = EditingViewModel.swift; sourceTree = "<group>"; };
		EB1D050E2DC6739500EED1A2 /* TrackerInfoModel.swift */ = {isa = PBXFileReference; lastKnownFileType = sourcecode.swift; path = TrackerInfoModel.swift; sourceTree = "<group>"; };
		EB1D05112DC673EC00EED1A2 /* AnalyticsService.swift */ = {isa = PBXFileReference; lastKnownFileType = sourcecode.swift; path = AnalyticsService.swift; sourceTree = "<group>"; };
		EB1D05132DC6740000EED1A2 /* AnalyticEvent.swift */ = {isa = PBXFileReference; lastKnownFileType = sourcecode.swift; path = AnalyticEvent.swift; sourceTree = "<group>"; };
		EB1D05272DC6764600EED1A2 /* ru */ = {isa = PBXFileReference; lastKnownFileType = text.plist.strings; name = ru; path = ru.lproj/LaunchScreen.strings; sourceTree = "<group>"; };
		EB1D05292DC6767500EED1A2 /* ru */ = {isa = PBXFileReference; lastKnownFileType = text.plist.strings; name = ru; path = ru.lproj/Localizable.strings; sourceTree = "<group>"; };
		EB1D052B2DC6767D00EED1A2 /* en */ = {isa = PBXFileReference; lastKnownFileType = text.plist.strings; name = en; path = en.lproj/Localizable.strings; sourceTree = "<group>"; };
		EB1D052F2DC676C800EED1A2 /* ru */ = {isa = PBXFileReference; lastKnownFileType = text.plist.stringsdict; name = ru; path = ru.lproj/Localizable.stringsdict; sourceTree = "<group>"; };
		EB1D05312DC676C900EED1A2 /* en */ = {isa = PBXFileReference; lastKnownFileType = text.plist.stringsdict; name = en; path = en.lproj/Localizable.stringsdict; sourceTree = "<group>"; };
		EB1D05332DC682FF00EED1A2 /* Constants.swift */ = {isa = PBXFileReference; lastKnownFileType = sourcecode.swift; path = Constants.swift; sourceTree = "<group>"; };
		EB1D05352DC6834E00EED1A2 /* Sections.swift */ = {isa = PBXFileReference; lastKnownFileType = sourcecode.swift; path = Sections.swift; sourceTree = "<group>"; };
		EB1D05372DC6836500EED1A2 /* TrackerTypeSections.swift */ = {isa = PBXFileReference; lastKnownFileType = sourcecode.swift; path = TrackerTypeSections.swift; sourceTree = "<group>"; };
		EB1D05392DC6837900EED1A2 /* CellSize.swift */ = {isa = PBXFileReference; lastKnownFileType = sourcecode.swift; path = CellSize.swift; sourceTree = "<group>"; };
		EB1D053B2DC68C6000EED1A2 /* StaticticsTableCell.swift */ = {isa = PBXFileReference; lastKnownFileType = sourcecode.swift; path = StaticticsTableCell.swift; sourceTree = "<group>"; };
		EB1D053D2DC68D1C00EED1A2 /* TrackerPresenter.swift */ = {isa = PBXFileReference; lastKnownFileType = sourcecode.swift; path = TrackerPresenter.swift; sourceTree = "<group>"; };
		EB1D053F2DC6904E00EED1A2 /* AlertFactory.swift */ = {isa = PBXFileReference; lastKnownFileType = sourcecode.swift; path = AlertFactory.swift; sourceTree = "<group>"; };
		EB1D054A2DC692D700EED1A2 /* TrackerTests.xctest */ = {isa = PBXFileReference; explicitFileType = wrapper.cfbundle; includeInIndex = 0; path = TrackerTests.xctest; sourceTree = BUILT_PRODUCTS_DIR; };
		EB1D054C2DC692D700EED1A2 /* TrackerTests.swift */ = {isa = PBXFileReference; lastKnownFileType = sourcecode.swift; path = TrackerTests.swift; sourceTree = "<group>"; };
		EB5D52CA2DB02B0F006802C9 /* Tracker_app.app */ = {isa = PBXFileReference; explicitFileType = wrapper.application; includeInIndex = 0; path = Tracker_app.app; sourceTree = BUILT_PRODUCTS_DIR; };
		EB5D52CD2DB02B0F006802C9 /* AppDelegate.swift */ = {isa = PBXFileReference; lastKnownFileType = sourcecode.swift; path = AppDelegate.swift; sourceTree = "<group>"; };
		EB5D52CF2DB02B0F006802C9 /* SceneDelegate.swift */ = {isa = PBXFileReference; lastKnownFileType = sourcecode.swift; path = SceneDelegate.swift; sourceTree = "<group>"; };
		EB5D52D12DB02B0F006802C9 /* ViewController.swift */ = {isa = PBXFileReference; lastKnownFileType = sourcecode.swift; path = ViewController.swift; sourceTree = "<group>"; };
		EB5D52D62DB02B13006802C9 /* Assets.xcassets */ = {isa = PBXFileReference; lastKnownFileType = folder.assetcatalog; path = Assets.xcassets; sourceTree = "<group>"; };
		EB5D52D92DB02B13006802C9 /* Base */ = {isa = PBXFileReference; lastKnownFileType = file.storyboard; name = Base; path = Base.lproj/LaunchScreen.storyboard; sourceTree = "<group>"; };
		EB5D52DB2DB02B13006802C9 /* Info.plist */ = {isa = PBXFileReference; lastKnownFileType = text.plist.xml; path = Info.plist; sourceTree = "<group>"; };
		EB5D52E02DB02B13006802C9 /* Tracker_appTests.xctest */ = {isa = PBXFileReference; explicitFileType = wrapper.cfbundle; includeInIndex = 0; path = Tracker_appTests.xctest; sourceTree = BUILT_PRODUCTS_DIR; };
		EB5D52E42DB02B13006802C9 /* Tracker_appTests.swift */ = {isa = PBXFileReference; lastKnownFileType = sourcecode.swift; path = Tracker_appTests.swift; sourceTree = "<group>"; };
		EB5D52EA2DB02B13006802C9 /* Tracker_appUITests.xctest */ = {isa = PBXFileReference; explicitFileType = wrapper.cfbundle; includeInIndex = 0; path = Tracker_appUITests.xctest; sourceTree = BUILT_PRODUCTS_DIR; };
		EB5D52EE2DB02B13006802C9 /* Tracker_appUITests.swift */ = {isa = PBXFileReference; lastKnownFileType = sourcecode.swift; path = Tracker_appUITests.swift; sourceTree = "<group>"; };
		EB5D52F02DB02B13006802C9 /* Tracker_appUITestsLaunchTests.swift */ = {isa = PBXFileReference; lastKnownFileType = sourcecode.swift; path = Tracker_appUITestsLaunchTests.swift; sourceTree = "<group>"; };
		EB5D52FD2DB036C5006802C9 /* ViewUI.swift */ = {isa = PBXFileReference; lastKnownFileType = sourcecode.swift; path = ViewUI.swift; sourceTree = "<group>"; };
		EB5D53022DB03765006802C9 /* TrackerCollectionViewCell.swift */ = {isa = PBXFileReference; lastKnownFileType = sourcecode.swift; path = TrackerCollectionViewCell.swift; sourceTree = "<group>"; };
		EB5D53042DB037B3006802C9 /* TabBarController.swift */ = {isa = PBXFileReference; lastKnownFileType = sourcecode.swift; path = TabBarController.swift; sourceTree = "<group>"; };
		EB5D53082DB0380E006802C9 /* StatisticsViewController.swift */ = {isa = PBXFileReference; lastKnownFileType = sourcecode.swift; path = StatisticsViewController.swift; sourceTree = "<group>"; };
		EB5D530C2DB038A3006802C9 /* scheduleVC.swift */ = {isa = PBXFileReference; lastKnownFileType = sourcecode.swift; path = scheduleVC.swift; sourceTree = "<group>"; };
		EBCC09432DBBB953001CD63C /* Tracker.xcdatamodel */ = {isa = PBXFileReference; lastKnownFileType = wrapper.xcdatamodel; path = Tracker.xcdatamodel; sourceTree = "<group>"; };
		EBCC09452DBBBA73001CD63C /* TrackerCategoryStore.swift */ = {isa = PBXFileReference; lastKnownFileType = sourcecode.swift; path = TrackerCategoryStore.swift; sourceTree = "<group>"; };
		EBCC09472DBBBA91001CD63C /* TrackerRecordStore.swift */ = {isa = PBXFileReference; lastKnownFileType = sourcecode.swift; path = TrackerRecordStore.swift; sourceTree = "<group>"; };
		EBCC09492DBBBB03001CD63C /* TrackerStore.swift */ = {isa = PBXFileReference; lastKnownFileType = sourcecode.swift; path = TrackerStore.swift; sourceTree = "<group>"; };
		EBCC094B2DBBBB27001CD63C /* Bit.swift */ = {isa = PBXFileReference; lastKnownFileType = sourcecode.swift; path = Bit.swift; sourceTree = "<group>"; };
		EBCC094D2DBBBB3E001CD63C /* ScheduleConvertor.swift */ = {isa = PBXFileReference; lastKnownFileType = sourcecode.swift; path = ScheduleConvertor.swift; sourceTree = "<group>"; };
		EBCC094F2DBBBB5D001CD63C /* UIColorMarshalling.swift */ = {isa = PBXFileReference; lastKnownFileType = sourcecode.swift; path = UIColorMarshalling.swift; sourceTree = "<group>"; };
		EBCC09512DBBBB7B001CD63C /* TrackerStoreError.swift */ = {isa = PBXFileReference; lastKnownFileType = sourcecode.swift; path = TrackerStoreError.swift; sourceTree = "<group>"; };
		EBCC09532DBBBB90001CD63C /* CategoryStoreError.swift */ = {isa = PBXFileReference; lastKnownFileType = sourcecode.swift; path = CategoryStoreError.swift; sourceTree = "<group>"; };
		EBCC09552DBBBBA5001CD63C /* TrackerRecordStoreError.swift */ = {isa = PBXFileReference; lastKnownFileType = sourcecode.swift; path = TrackerRecordStoreError.swift; sourceTree = "<group>"; };
		EBCC09572DBBBC3F001CD63C /* Weekdays.swift */ = {isa = PBXFileReference; lastKnownFileType = sourcecode.swift; path = Weekdays.swift; sourceTree = "<group>"; };
		EBCC09622DC14FE6001CD63C /* TrackerInfoCell.swift */ = {isa = PBXFileReference; lastKnownFileType = sourcecode.swift; path = TrackerInfoCell.swift; sourceTree = "<group>"; };
		EBCC09642DC1501B001CD63C /* TrackerRecord.swift */ = {isa = PBXFileReference; lastKnownFileType = sourcecode.swift; path = TrackerRecord.swift; sourceTree = "<group>"; };
		EBCC09662DC15059001CD63C /* TrackerCategory.swift */ = {isa = PBXFileReference; lastKnownFileType = sourcecode.swift; path = TrackerCategory.swift; sourceTree = "<group>"; };
		EBCC09682DC15088001CD63C /* Tracker.swift */ = {isa = PBXFileReference; lastKnownFileType = sourcecode.swift; path = Tracker.swift; sourceTree = "<group>"; };
		EBCC096A2DC156A4001CD63C /* TrackerCounterDelegate.swift */ = {isa = PBXFileReference; lastKnownFileType = sourcecode.swift; path = TrackerCounterDelegate.swift; sourceTree = "<group>"; };
		EBCC096C2DC156C0001CD63C /* HeaderCollectionReusableView.swift */ = {isa = PBXFileReference; lastKnownFileType = sourcecode.swift; path = HeaderCollectionReusableView.swift; sourceTree = "<group>"; };
		EBCC096F2DC15787001CD63C /* ScheduleProtocol.swift */ = {isa = PBXFileReference; lastKnownFileType = sourcecode.swift; path = ScheduleProtocol.swift; sourceTree = "<group>"; };
		EBCC09712DC1579F001CD63C /* ScheduleTableCell.swift */ = {isa = PBXFileReference; lastKnownFileType = sourcecode.swift; path = ScheduleTableCell.swift; sourceTree = "<group>"; };
		EBCC09742DC1581C001CD63C /* ButtonsCell.swift */ = {isa = PBXFileReference; lastKnownFileType = sourcecode.swift; path = ButtonsCell.swift; sourceTree = "<group>"; };
		EBCC09762DC15848001CD63C /* ButtonTableViewCell.swift */ = {isa = PBXFileReference; lastKnownFileType = sourcecode.swift; path = ButtonTableViewCell.swift; sourceTree = "<group>"; };
		EBCC09782DC15863001CD63C /* EmojiCell.swift */ = {isa = PBXFileReference; lastKnownFileType = sourcecode.swift; path = EmojiCell.swift; sourceTree = "<group>"; };
		EBCC097A2DC15878001CD63C /* ColorCell.swift */ = {isa = PBXFileReference; lastKnownFileType = sourcecode.swift; path = ColorCell.swift; sourceTree = "<group>"; };
		EBCC097C2DC15892001CD63C /* NameTrackerCell.swift */ = {isa = PBXFileReference; lastKnownFileType = sourcecode.swift; path = NameTrackerCell.swift; sourceTree = "<group>"; };
		EBCC097E2DC158A9001CD63C /* State.swift */ = {isa = PBXFileReference; lastKnownFileType = sourcecode.swift; path = State.swift; sourceTree = "<group>"; };
		EBCC09802DC158DB001CD63C /* NewTrackerViewController.swift */ = {isa = PBXFileReference; lastKnownFileType = sourcecode.swift; path = NewTrackerViewController.swift; sourceTree = "<group>"; };
		EBCC09822DC158F1001CD63C /* NewEventCreationViewController.swift */ = {isa = PBXFileReference; lastKnownFileType = sourcecode.swift; path = NewEventCreationViewController.swift; sourceTree = "<group>"; };
		EBCC09842DC15906001CD63C /* NewHabitCreationViewController.swift */ = {isa = PBXFileReference; lastKnownFileType = sourcecode.swift; path = NewHabitCreationViewController.swift; sourceTree = "<group>"; };
		EBCC09862DC1591D001CD63C /* CreationTrackerViewController.swift */ = {isa = PBXFileReference; lastKnownFileType = sourcecode.swift; path = CreationTrackerViewController.swift; sourceTree = "<group>"; };
		EBCC09882DC1593C001CD63C /* ConfigureTrackerCreationProtocol.swift */ = {isa = PBXFileReference; lastKnownFileType = sourcecode.swift; path = ConfigureTrackerCreationProtocol.swift; sourceTree = "<group>"; };
		EBCC098A2DC15957001CD63C /* TrackerCreationDelegate.swift */ = {isa = PBXFileReference; lastKnownFileType = sourcecode.swift; path = TrackerCreationDelegate.swift; sourceTree = "<group>"; };
		EBCC098C2DC159AE001CD63C /* ExtentionUITextField.swift */ = {isa = PBXFileReference; lastKnownFileType = sourcecode.swift; path = ExtentionUITextField.swift; sourceTree = "<group>"; };
		EBCC098E2DC159C3001CD63C /* PreviewVCExtention.swift */ = {isa = PBXFileReference; lastKnownFileType = sourcecode.swift; path = PreviewVCExtention.swift; sourceTree = "<group>"; };
		EBCC09902DC159D5001CD63C /* PlaceHolderView.swift */ = {isa = PBXFileReference; lastKnownFileType = sourcecode.swift; path = PlaceHolderView.swift; sourceTree = "<group>"; };
		EBCC09922DC15A9E001CD63C /* ExtentionUIColor.swift */ = {isa = PBXFileReference; lastKnownFileType = sourcecode.swift; path = ExtentionUIColor.swift; sourceTree = "<group>"; };
		EBCC09942DC15EAF001CD63C /* Main.storyboard */ = {isa = PBXFileReference; fileEncoding = 4; lastKnownFileType = file.storyboard; path = Main.storyboard; sourceTree = "<group>"; };
		EBCC09972DC4010B001CD63C /* ViewConfigurableProtocol.swift */ = {isa = PBXFileReference; lastKnownFileType = sourcecode.swift; path = ViewConfigurableProtocol.swift; sourceTree = "<group>"; };
		EBCC099A2DC40165001CD63C /* CategoryViewController.swift */ = {isa = PBXFileReference; lastKnownFileType = sourcecode.swift; path = CategoryViewController.swift; sourceTree = "<group>"; };
		EBCC099C2DC4017E001CD63C /* CategoryCreationViewController.swift */ = {isa = PBXFileReference; lastKnownFileType = sourcecode.swift; path = CategoryCreationViewController.swift; sourceTree = "<group>"; };
		EBCC099E2DC40194001CD63C /* CategoryCell.swift */ = {isa = PBXFileReference; lastKnownFileType = sourcecode.swift; path = CategoryCell.swift; sourceTree = "<group>"; };
		EBCC09A02DC401AF001CD63C /* CategoryViewModel.swift */ = {isa = PBXFileReference; lastKnownFileType = sourcecode.swift; path = CategoryViewModel.swift; sourceTree = "<group>"; };
		EBCC09A22DC401C3001CD63C /* CategoriesViewModel.swift */ = {isa = PBXFileReference; lastKnownFileType = sourcecode.swift; path = CategoriesViewModel.swift; sourceTree = "<group>"; };
		EBCC09A52DC401F5001CD63C /* OnboardingViewController.swift */ = {isa = PBXFileReference; lastKnownFileType = sourcecode.swift; path = OnboardingViewController.swift; sourceTree = "<group>"; };
		EBCC09A72DC4020B001CD63C /* SinglePageOnboardingViewController.swift */ = {isa = PBXFileReference; lastKnownFileType = sourcecode.swift; path = SinglePageOnboardingViewController.swift; sourceTree = "<group>"; };
/* End PBXFileReference section */

/* Begin PBXFrameworksBuildPhase section */
		EB1D05472DC692D600EED1A2 /* Frameworks */ = {
			isa = PBXFrameworksBuildPhase;
			buildActionMask = 2147483647;
			files = (
			);
			runOnlyForDeploymentPostprocessing = 0;
		};
		EB5D52C72DB02B0F006802C9 /* Frameworks */ = {
			isa = PBXFrameworksBuildPhase;
			buildActionMask = 2147483647;
			files = (
			);
			runOnlyForDeploymentPostprocessing = 0;
		};
		EB5D52DD2DB02B13006802C9 /* Frameworks */ = {
			isa = PBXFrameworksBuildPhase;
			buildActionMask = 2147483647;
			files = (
			);
			runOnlyForDeploymentPostprocessing = 0;
		};
		EB5D52E72DB02B13006802C9 /* Frameworks */ = {
			isa = PBXFrameworksBuildPhase;
			buildActionMask = 2147483647;
			files = (
			);
			runOnlyForDeploymentPostprocessing = 0;
		};
/* End PBXFrameworksBuildPhase section */

/* Begin PBXGroup section */
		EB1D05022DC672DD00EED1A2 /* FilterViewController */ = {
			isa = PBXGroup;
			children = (
				EB1D05032DC672EA00EED1A2 /* FiltersViewController.swift */,
				EB1D05052DC6730100EED1A2 /* FiltersTableViewCell.swift */,
				EB1D05072DC6731400EED1A2 /* FiltersEnum.swift */,
			);
			path = FilterViewController;
			sourceTree = "<group>";
		};
		EB1D05092DC6734300EED1A2 /* TrackersEditing */ = {
			isa = PBXGroup;
			children = (
				EB1D050A2DC6734F00EED1A2 /* EditTrackerViewController.swift */,
				EB1D050C2DC6738000EED1A2 /* EditingViewModel.swift */,
				EB1D050E2DC6739500EED1A2 /* TrackerInfoModel.swift */,
			);
			path = TrackersEditing;
			sourceTree = "<group>";
		};
		EB1D05102DC673D800EED1A2 /* AnalyticsService */ = {
			isa = PBXGroup;
			children = (
				EB1D05112DC673EC00EED1A2 /* AnalyticsService.swift */,
				EB1D05132DC6740000EED1A2 /* AnalyticEvent.swift */,
			);
			path = AnalyticsService;
			sourceTree = "<group>";
		};
		EB1D05152DC6742200EED1A2 /* Localization */ = {
			isa = PBXGroup;
			children = (
				EB1D052A2DC6767500EED1A2 /* Localizable.strings */,
				EB1D05302DC676C800EED1A2 /* Localizable.stringsdict */,
			);
			path = Localization;
			sourceTree = "<group>";
		};
		EB1D05322DC682F000EED1A2 /* Constants */ = {
			isa = PBXGroup;
			children = (
				EB1D05332DC682FF00EED1A2 /* Constants.swift */,
				EB1D05352DC6834E00EED1A2 /* Sections.swift */,
				EB1D05372DC6836500EED1A2 /* TrackerTypeSections.swift */,
				EB1D05392DC6837900EED1A2 /* CellSize.swift */,
			);
			path = Constants;
			sourceTree = "<group>";
		};
		EB1D054B2DC692D700EED1A2 /* TrackerTests */ = {
			isa = PBXGroup;
			children = (
				EB1D054C2DC692D700EED1A2 /* TrackerTests.swift */,
			);
			path = TrackerTests;
			sourceTree = "<group>";
		};
		EB5D52C12DB02B0F006802C9 = {
			isa = PBXGroup;
			children = (
				EB1D05152DC6742200EED1A2 /* Localization */,
				EB1D05092DC6734300EED1A2 /* TrackersEditing */,
				EB1D05022DC672DD00EED1A2 /* FilterViewController */,
				EBCC09972DC4010B001CD63C /* ViewConfigurableProtocol.swift */,
				EB1D05102DC673D800EED1A2 /* AnalyticsService */,
				EBCC09962DC400F8001CD63C /* Tracker */,
				EBCC09732DC15809001CD63C /* Elements */,
				EBCC096E2DC15709001CD63C /* ScheduleViewController */,
				EBCC09612DC14FC6001CD63C /* app */,
				EBCC093F2DBBB8E7001CD63C /* CoreData */,
				EB5D53012DB0374F006802C9 /* Work applications */,
				EB5D52CC2DB02B0F006802C9 /* Tracker_app */,
				EB5D52E32DB02B13006802C9 /* Tracker_appTests */,
				EB5D52ED2DB02B13006802C9 /* Tracker_appUITests */,
				EB1D054B2DC692D700EED1A2 /* TrackerTests */,
				EB5D52CB2DB02B0F006802C9 /* Products */,
			);
			sourceTree = "<group>";
		};
		EB5D52CB2DB02B0F006802C9 /* Products */ = {
			isa = PBXGroup;
			children = (
				EB5D52CA2DB02B0F006802C9 /* Tracker_app.app */,
				EB5D52E02DB02B13006802C9 /* Tracker_appTests.xctest */,
				EB5D52EA2DB02B13006802C9 /* Tracker_appUITests.xctest */,
				EB1D054A2DC692D700EED1A2 /* TrackerTests.xctest */,
			);
			name = Products;
			sourceTree = "<group>";
		};
		EB5D52CC2DB02B0F006802C9 /* Tracker_app */ = {
			isa = PBXGroup;
			children = (
				EB5D52CD2DB02B0F006802C9 /* AppDelegate.swift */,
				EB5D52CF2DB02B0F006802C9 /* SceneDelegate.swift */,
				EB5D52D62DB02B13006802C9 /* Assets.xcassets */,
				EB5D52D82DB02B13006802C9 /* LaunchScreen.storyboard */,
				EB5D52DB2DB02B13006802C9 /* Info.plist */,
				EB5D52FD2DB036C5006802C9 /* ViewUI.swift */,
				EBCC09802DC158DB001CD63C /* NewTrackerViewController.swift */,
				EBCC09822DC158F1001CD63C /* NewEventCreationViewController.swift */,
				EBCC09842DC15906001CD63C /* NewHabitCreationViewController.swift */,
				EBCC09862DC1591D001CD63C /* CreationTrackerViewController.swift */,
				EBCC09882DC1593C001CD63C /* ConfigureTrackerCreationProtocol.swift */,
				EBCC098A2DC15957001CD63C /* TrackerCreationDelegate.swift */,
				EBCC098C2DC159AE001CD63C /* ExtentionUITextField.swift */,
				EBCC098E2DC159C3001CD63C /* PreviewVCExtention.swift */,
				EBCC09902DC159D5001CD63C /* PlaceHolderView.swift */,
				EBCC09922DC15A9E001CD63C /* ExtentionUIColor.swift */,
				EB1D053F2DC6904E00EED1A2 /* AlertFactory.swift */,
			);
			path = Tracker_app;
			sourceTree = "<group>";
		};
		EB5D52E32DB02B13006802C9 /* Tracker_appTests */ = {
			isa = PBXGroup;
			children = (
				EB5D52E42DB02B13006802C9 /* Tracker_appTests.swift */,
			);
			path = Tracker_appTests;
			sourceTree = "<group>";
		};
		EB5D52ED2DB02B13006802C9 /* Tracker_appUITests */ = {
			isa = PBXGroup;
			children = (
				EB5D52EE2DB02B13006802C9 /* Tracker_appUITests.swift */,
				EB5D52F02DB02B13006802C9 /* Tracker_appUITestsLaunchTests.swift */,
			);
			path = Tracker_appUITests;
			sourceTree = "<group>";
		};
		EB5D53012DB0374F006802C9 /* Work applications */ = {
			isa = PBXGroup;
			children = (
				EB5D53022DB03765006802C9 /* TrackerCollectionViewCell.swift */,
				EB5D52D12DB02B0F006802C9 /* ViewController.swift */,
				EBCC09942DC15EAF001CD63C /* Main.storyboard */,
				EB5D53082DB0380E006802C9 /* StatisticsViewController.swift */,
				EBCC096A2DC156A4001CD63C /* TrackerCounterDelegate.swift */,
				EBCC096C2DC156C0001CD63C /* HeaderCollectionReusableView.swift */,
				EB1D053B2DC68C6000EED1A2 /* StaticticsTableCell.swift */,
				EB1D053D2DC68D1C00EED1A2 /* TrackerPresenter.swift */,
			);
			path = "Work applications";
			sourceTree = "<group>";
		};
		EBCC093F2DBBB8E7001CD63C /* CoreData */ = {
			isa = PBXGroup;
			children = (
				EBCC09412DBBB91E001CD63C /* StoreError */,
				EBCC09402DBBB910001CD63C /* Converters */,
				EBCC09422DBBB953001CD63C /* Tracker.xcdatamodeld */,
				EBCC09452DBBBA73001CD63C /* TrackerCategoryStore.swift */,
				EBCC09472DBBBA91001CD63C /* TrackerRecordStore.swift */,
				EBCC09492DBBBB03001CD63C /* TrackerStore.swift */,
			);
			path = CoreData;
			sourceTree = "<group>";
		};
		EBCC09402DBBB910001CD63C /* Converters */ = {
			isa = PBXGroup;
			children = (
				EBCC094B2DBBBB27001CD63C /* Bit.swift */,
				EBCC094D2DBBBB3E001CD63C /* ScheduleConvertor.swift */,
				EBCC094F2DBBBB5D001CD63C /* UIColorMarshalling.swift */,
			);
			path = Converters;
			sourceTree = "<group>";
		};
		EBCC09412DBBB91E001CD63C /* StoreError */ = {
			isa = PBXGroup;
			children = (
				EBCC09512DBBBB7B001CD63C /* TrackerStoreError.swift */,
				EBCC09532DBBBB90001CD63C /* CategoryStoreError.swift */,
				EBCC09552DBBBBA5001CD63C /* TrackerRecordStoreError.swift */,
			);
			path = StoreError;
			sourceTree = "<group>";
		};
		EBCC09612DC14FC6001CD63C /* app */ = {
			isa = PBXGroup;
			children = (
				EB5D53042DB037B3006802C9 /* TabBarController.swift */,
				EBCC09622DC14FE6001CD63C /* TrackerInfoCell.swift */,
				EBCC09572DBBBC3F001CD63C /* Weekdays.swift */,
				EBCC09642DC1501B001CD63C /* TrackerRecord.swift */,
				EBCC09662DC15059001CD63C /* TrackerCategory.swift */,
				EBCC09682DC15088001CD63C /* Tracker.swift */,
			);
			path = app;
			sourceTree = "<group>";
		};
		EBCC096E2DC15709001CD63C /* ScheduleViewController */ = {
			isa = PBXGroup;
			children = (
				EB5D530C2DB038A3006802C9 /* scheduleVC.swift */,
				EBCC096F2DC15787001CD63C /* ScheduleProtocol.swift */,
				EBCC09712DC1579F001CD63C /* ScheduleTableCell.swift */,
			);
			path = ScheduleViewController;
			sourceTree = "<group>";
		};
		EBCC09732DC15809001CD63C /* Elements */ = {
			isa = PBXGroup;
			children = (
				EBCC09742DC1581C001CD63C /* ButtonsCell.swift */,
				EBCC09762DC15848001CD63C /* ButtonTableViewCell.swift */,
				EBCC09782DC15863001CD63C /* EmojiCell.swift */,
				EBCC097A2DC15878001CD63C /* ColorCell.swift */,
				EBCC097C2DC15892001CD63C /* NameTrackerCell.swift */,
				EBCC097E2DC158A9001CD63C /* State.swift */,
			);
			path = Elements;
			sourceTree = "<group>";
		};
		EBCC09962DC400F8001CD63C /* Tracker */ = {
			isa = PBXGroup;
			children = (
				EB1D05322DC682F000EED1A2 /* Constants */,
				EBCC09A42DC401E7001CD63C /* Onboarding */,
				EBCC09992DC40153001CD63C /* Category */,
			);
			path = Tracker;
			sourceTree = "<group>";
		};
		EBCC09992DC40153001CD63C /* Category */ = {
			isa = PBXGroup;
			children = (
				EBCC099A2DC40165001CD63C /* CategoryViewController.swift */,
				EBCC099C2DC4017E001CD63C /* CategoryCreationViewController.swift */,
				EBCC099E2DC40194001CD63C /* CategoryCell.swift */,
				EBCC09A02DC401AF001CD63C /* CategoryViewModel.swift */,
				EBCC09A22DC401C3001CD63C /* CategoriesViewModel.swift */,
			);
			path = Category;
			sourceTree = "<group>";
		};
		EBCC09A42DC401E7001CD63C /* Onboarding */ = {
			isa = PBXGroup;
			children = (
				EBCC09A52DC401F5001CD63C /* OnboardingViewController.swift */,
				EBCC09A72DC4020B001CD63C /* SinglePageOnboardingViewController.swift */,
			);
			path = Onboarding;
			sourceTree = "<group>";
		};
/* End PBXGroup section */

/* Begin PBXNativeTarget section */
		EB1D05492DC692D600EED1A2 /* TrackerTests */ = {
			isa = PBXNativeTarget;
			buildConfigurationList = EB1D05502DC692D700EED1A2 /* Build configuration list for PBXNativeTarget "TrackerTests" */;
			buildPhases = (
				EB1D05462DC692D600EED1A2 /* Sources */,
				EB1D05472DC692D600EED1A2 /* Frameworks */,
				EB1D05482DC692D600EED1A2 /* Resources */,
			);
			buildRules = (
			);
			dependencies = (
				EB1D054F2DC692D700EED1A2 /* PBXTargetDependency */,
			);
			name = TrackerTests;
			productName = TrackerTests;
			productReference = EB1D054A2DC692D700EED1A2 /* TrackerTests.xctest */;
			productType = "com.apple.product-type.bundle.unit-test";
		};
		EB5D52C92DB02B0F006802C9 /* Tracker_app */ = {
			isa = PBXNativeTarget;
			buildConfigurationList = EB5D52F42DB02B13006802C9 /* Build configuration list for PBXNativeTarget "Tracker_app" */;
			buildPhases = (
				EB5D52C62DB02B0F006802C9 /* Sources */,
				EB5D52C72DB02B0F006802C9 /* Frameworks */,
				EB5D52C82DB02B0F006802C9 /* Resources */,
			);
			buildRules = (
			);
			dependencies = (
			);
			name = Tracker_app;
			productName = Tracker_app;
			productReference = EB5D52CA2DB02B0F006802C9 /* Tracker_app.app */;
			productType = "com.apple.product-type.application";
		};
		EB5D52DF2DB02B13006802C9 /* Tracker_appTests */ = {
			isa = PBXNativeTarget;
			buildConfigurationList = EB5D52F72DB02B13006802C9 /* Build configuration list for PBXNativeTarget "Tracker_appTests" */;
			buildPhases = (
				EB5D52DC2DB02B13006802C9 /* Sources */,
				EB5D52DD2DB02B13006802C9 /* Frameworks */,
				EB5D52DE2DB02B13006802C9 /* Resources */,
			);
			buildRules = (
			);
			dependencies = (
				EB5D52E22DB02B13006802C9 /* PBXTargetDependency */,
			);
			name = Tracker_appTests;
			productName = Tracker_appTests;
			productReference = EB5D52E02DB02B13006802C9 /* Tracker_appTests.xctest */;
			productType = "com.apple.product-type.bundle.unit-test";
		};
		EB5D52E92DB02B13006802C9 /* Tracker_appUITests */ = {
			isa = PBXNativeTarget;
			buildConfigurationList = EB5D52FA2DB02B13006802C9 /* Build configuration list for PBXNativeTarget "Tracker_appUITests" */;
			buildPhases = (
				EB5D52E62DB02B13006802C9 /* Sources */,
				EB5D52E72DB02B13006802C9 /* Frameworks */,
				EB5D52E82DB02B13006802C9 /* Resources */,
			);
			buildRules = (
			);
			dependencies = (
				EB5D52EC2DB02B13006802C9 /* PBXTargetDependency */,
			);
			name = Tracker_appUITests;
			productName = Tracker_appUITests;
			productReference = EB5D52EA2DB02B13006802C9 /* Tracker_appUITests.xctest */;
			productType = "com.apple.product-type.bundle.ui-testing";
		};
/* End PBXNativeTarget section */

/* Begin PBXProject section */
		EB5D52C22DB02B0F006802C9 /* Project object */ = {
			isa = PBXProject;
			attributes = {
				BuildIndependentTargetsInParallel = 1;
				LastSwiftUpdateCheck = 1500;
				LastUpgradeCheck = 1500;
				TargetAttributes = {
					EB1D05492DC692D600EED1A2 = {
						CreatedOnToolsVersion = 15.0.1;
						TestTargetID = EB5D52C92DB02B0F006802C9;
					};
					EB5D52C92DB02B0F006802C9 = {
						CreatedOnToolsVersion = 15.0.1;
					};
					EB5D52DF2DB02B13006802C9 = {
						CreatedOnToolsVersion = 15.0.1;
						TestTargetID = EB5D52C92DB02B0F006802C9;
					};
					EB5D52E92DB02B13006802C9 = {
						CreatedOnToolsVersion = 15.0.1;
						TestTargetID = EB5D52C92DB02B0F006802C9;
					};
				};
			};
			buildConfigurationList = EB5D52C52DB02B0F006802C9 /* Build configuration list for PBXProject "Tracker_app" */;
			compatibilityVersion = "Xcode 14.0";
			developmentRegion = en;
			hasScannedForEncodings = 0;
			knownRegions = (
				en,
				Base,
				ru,
			);
			mainGroup = EB5D52C12DB02B0F006802C9;
			packageReferences = (
				EB1D05532DC6995300EED1A2 /* XCRemoteSwiftPackageReference "swift-snapshot-testing" */,
			);
			productRefGroup = EB5D52CB2DB02B0F006802C9 /* Products */;
			projectDirPath = "";
			projectRoot = "";
			targets = (
				EB5D52C92DB02B0F006802C9 /* Tracker_app */,
				EB5D52DF2DB02B13006802C9 /* Tracker_appTests */,
				EB5D52E92DB02B13006802C9 /* Tracker_appUITests */,
				EB1D05492DC692D600EED1A2 /* TrackerTests */,
			);
		};
/* End PBXProject section */

/* Begin PBXResourcesBuildPhase section */
		EB1D05482DC692D600EED1A2 /* Resources */ = {
			isa = PBXResourcesBuildPhase;
			buildActionMask = 2147483647;
			files = (
			);
			runOnlyForDeploymentPostprocessing = 0;
		};
		EB5D52C82DB02B0F006802C9 /* Resources */ = {
			isa = PBXResourcesBuildPhase;
			buildActionMask = 2147483647;
			files = (
				EBCC09952DC15EAF001CD63C /* Main.storyboard in Resources */,
				EB1D05282DC6767500EED1A2 /* Localizable.strings in Resources */,
				EB5D52DA2DB02B13006802C9 /* LaunchScreen.storyboard in Resources */,
				EB1D052E2DC676C800EED1A2 /* Localizable.stringsdict in Resources */,
				EB5D52D72DB02B13006802C9 /* Assets.xcassets in Resources */,
			);
			runOnlyForDeploymentPostprocessing = 0;
		};
		EB5D52DE2DB02B13006802C9 /* Resources */ = {
			isa = PBXResourcesBuildPhase;
			buildActionMask = 2147483647;
			files = (
			);
			runOnlyForDeploymentPostprocessing = 0;
		};
		EB5D52E82DB02B13006802C9 /* Resources */ = {
			isa = PBXResourcesBuildPhase;
			buildActionMask = 2147483647;
			files = (
			);
			runOnlyForDeploymentPostprocessing = 0;
		};
/* End PBXResourcesBuildPhase section */

/* Begin PBXSourcesBuildPhase section */
		EB1D05462DC692D600EED1A2 /* Sources */ = {
			isa = PBXSourcesBuildPhase;
			buildActionMask = 2147483647;
			files = (
				EB1D054D2DC692D700EED1A2 /* TrackerTests.swift in Sources */,
			);
			runOnlyForDeploymentPostprocessing = 0;
		};
		EB5D52C62DB02B0F006802C9 /* Sources */ = {
			isa = PBXSourcesBuildPhase;
			buildActionMask = 2147483647;
			files = (
				EBCC09702DC15787001CD63C /* ScheduleProtocol.swift in Sources */,
				EB1D053E2DC68D1C00EED1A2 /* TrackerPresenter.swift in Sources */,
				EBCC09872DC1591D001CD63C /* CreationTrackerViewController.swift in Sources */,
				EBCC09632DC14FE6001CD63C /* TrackerInfoCell.swift in Sources */,
				EB5D52FE2DB036C5006802C9 /* ViewUI.swift in Sources */,
				EBCC09692DC15088001CD63C /* Tracker.swift in Sources */,
				EB5D52D22DB02B0F006802C9 /* ViewController.swift in Sources */,
				EBCC09A32DC401C3001CD63C /* CategoriesViewModel.swift in Sources */,
				EBCC098B2DC15957001CD63C /* TrackerCreationDelegate.swift in Sources */,
				EBCC097F2DC158A9001CD63C /* State.swift in Sources */,
				EBCC09722DC1579F001CD63C /* ScheduleTableCell.swift in Sources */,
				EB1D05382DC6836500EED1A2 /* TrackerTypeSections.swift in Sources */,
				EB5D52CE2DB02B0F006802C9 /* AppDelegate.swift in Sources */,
				EB5D53052DB037B3006802C9 /* TabBarController.swift in Sources */,
				EB1D05082DC6731400EED1A2 /* FiltersEnum.swift in Sources */,
				EBCC09562DBBBBA5001CD63C /* TrackerRecordStoreError.swift in Sources */,
				EBCC098D2DC159AE001CD63C /* ExtentionUITextField.swift in Sources */,
				EBCC094A2DBBBB03001CD63C /* TrackerStore.swift in Sources */,
				EBCC09772DC15848001CD63C /* ButtonTableViewCell.swift in Sources */,
				EB1D050D2DC6738000EED1A2 /* EditingViewModel.swift in Sources */,
				EBCC094C2DBBBB27001CD63C /* Bit.swift in Sources */,
				EBCC09502DBBBB5D001CD63C /* UIColorMarshalling.swift in Sources */,
				EB1D05042DC672EA00EED1A2 /* FiltersViewController.swift in Sources */,
				EBCC09462DBBBA73001CD63C /* TrackerCategoryStore.swift in Sources */,
				EBCC09442DBBB953001CD63C /* Tracker.xcdatamodeld in Sources */,
				EBCC09542DBBBB90001CD63C /* CategoryStoreError.swift in Sources */,
				EB1D05122DC673EC00EED1A2 /* AnalyticsService.swift in Sources */,
				EBCC09812DC158DB001CD63C /* NewTrackerViewController.swift in Sources */,
				EBCC099F2DC40194001CD63C /* CategoryCell.swift in Sources */,
				EBCC09582DBBBC3F001CD63C /* Weekdays.swift in Sources */,
				EB5D53032DB03765006802C9 /* TrackerCollectionViewCell.swift in Sources */,
				EB1D05142DC6740000EED1A2 /* AnalyticEvent.swift in Sources */,
				EBCC09892DC1593C001CD63C /* ConfigureTrackerCreationProtocol.swift in Sources */,
				EBCC097D2DC15892001CD63C /* NameTrackerCell.swift in Sources */,
				EBCC099B2DC40165001CD63C /* CategoryViewController.swift in Sources */,
				EBCC096B2DC156A4001CD63C /* TrackerCounterDelegate.swift in Sources */,
				EBCC09A12DC401AF001CD63C /* CategoryViewModel.swift in Sources */,
				EB1D05342DC682FF00EED1A2 /* Constants.swift in Sources */,
				EBCC096D2DC156C0001CD63C /* HeaderCollectionReusableView.swift in Sources */,
				EB1D05062DC6730100EED1A2 /* FiltersTableViewCell.swift in Sources */,
				EBCC097B2DC15878001CD63C /* ColorCell.swift in Sources */,
				EB1D05402DC6904E00EED1A2 /* AlertFactory.swift in Sources */,
				EBCC098F2DC159C3001CD63C /* PreviewVCExtention.swift in Sources */,
				EBCC09912DC159D5001CD63C /* PlaceHolderView.swift in Sources */,
				EBCC09832DC158F1001CD63C /* NewEventCreationViewController.swift in Sources */,
				EBCC09482DBBBA91001CD63C /* TrackerRecordStore.swift in Sources */,
				EBCC09852DC15906001CD63C /* NewHabitCreationViewController.swift in Sources */,
				EBCC09A62DC401F5001CD63C /* OnboardingViewController.swift in Sources */,
				EBCC09792DC15863001CD63C /* EmojiCell.swift in Sources */,
				EBCC09672DC15059001CD63C /* TrackerCategory.swift in Sources */,
				EBCC09932DC15A9E001CD63C /* ExtentionUIColor.swift in Sources */,
				EB1D053A2DC6837900EED1A2 /* CellSize.swift in Sources */,
				EB5D530D2DB038A3006802C9 /* scheduleVC.swift in Sources */,
				EB5D53092DB0380E006802C9 /* StatisticsViewController.swift in Sources */,
				EBCC09652DC1501B001CD63C /* TrackerRecord.swift in Sources */,
				EBCC09752DC1581C001CD63C /* ButtonsCell.swift in Sources */,
				EB1D050B2DC6734F00EED1A2 /* EditTrackerViewController.swift in Sources */,
				EB1D053C2DC68C6000EED1A2 /* StaticticsTableCell.swift in Sources */,
				EBCC094E2DBBBB3E001CD63C /* ScheduleConvertor.swift in Sources */,
				EBCC09522DBBBB7B001CD63C /* TrackerStoreError.swift in Sources */,
				EBCC09A82DC4020B001CD63C /* SinglePageOnboardingViewController.swift in Sources */,
				EBCC099D2DC4017E001CD63C /* CategoryCreationViewController.swift in Sources */,
				EB1D05362DC6834E00EED1A2 /* Sections.swift in Sources */,
				EB5D52D02DB02B0F006802C9 /* SceneDelegate.swift in Sources */,
				EB1D050F2DC6739500EED1A2 /* TrackerInfoModel.swift in Sources */,
				EBCC09982DC4010B001CD63C /* ViewConfigurableProtocol.swift in Sources */,
			);
			runOnlyForDeploymentPostprocessing = 0;
		};
		EB5D52DC2DB02B13006802C9 /* Sources */ = {
			isa = PBXSourcesBuildPhase;
			buildActionMask = 2147483647;
			files = (
				EB5D52E52DB02B13006802C9 /* Tracker_appTests.swift in Sources */,
			);
			runOnlyForDeploymentPostprocessing = 0;
		};
		EB5D52E62DB02B13006802C9 /* Sources */ = {
			isa = PBXSourcesBuildPhase;
			buildActionMask = 2147483647;
			files = (
				EB5D52EF2DB02B13006802C9 /* Tracker_appUITests.swift in Sources */,
				EB5D52F12DB02B13006802C9 /* Tracker_appUITestsLaunchTests.swift in Sources */,
			);
			runOnlyForDeploymentPostprocessing = 0;
		};
/* End PBXSourcesBuildPhase section */

/* Begin PBXTargetDependency section */
		EB1D054F2DC692D700EED1A2 /* PBXTargetDependency */ = {
			isa = PBXTargetDependency;
			target = EB5D52C92DB02B0F006802C9 /* Tracker_app */;
			targetProxy = EB1D054E2DC692D700EED1A2 /* PBXContainerItemProxy */;
		};
		EB5D52E22DB02B13006802C9 /* PBXTargetDependency */ = {
			isa = PBXTargetDependency;
			target = EB5D52C92DB02B0F006802C9 /* Tracker_app */;
			targetProxy = EB5D52E12DB02B13006802C9 /* PBXContainerItemProxy */;
		};
		EB5D52EC2DB02B13006802C9 /* PBXTargetDependency */ = {
			isa = PBXTargetDependency;
			target = EB5D52C92DB02B0F006802C9 /* Tracker_app */;
			targetProxy = EB5D52EB2DB02B13006802C9 /* PBXContainerItemProxy */;
		};
/* End PBXTargetDependency section */

/* Begin PBXVariantGroup section */
		EB1D052A2DC6767500EED1A2 /* Localizable.strings */ = {
			isa = PBXVariantGroup;
			children = (
				EB1D05292DC6767500EED1A2 /* ru */,
				EB1D052B2DC6767D00EED1A2 /* en */,
			);
			name = Localizable.strings;
			sourceTree = "<group>";
		};
		EB1D05302DC676C800EED1A2 /* Localizable.stringsdict */ = {
			isa = PBXVariantGroup;
			children = (
				EB1D052F2DC676C800EED1A2 /* ru */,
				EB1D05312DC676C900EED1A2 /* en */,
			);
			name = Localizable.stringsdict;
			sourceTree = "<group>";
		};
		EB5D52D82DB02B13006802C9 /* LaunchScreen.storyboard */ = {
			isa = PBXVariantGroup;
			children = (
				EB5D52D92DB02B13006802C9 /* Base */,
				EB1D05272DC6764600EED1A2 /* ru */,
			);
			name = LaunchScreen.storyboard;
			sourceTree = "<group>";
		};
/* End PBXVariantGroup section */

/* Begin XCBuildConfiguration section */
		EB1D05512DC692D700EED1A2 /* Debug */ = {
			isa = XCBuildConfiguration;
			buildSettings = {
				BUNDLE_LOADER = "$(TEST_HOST)";
				CODE_SIGN_STYLE = Automatic;
				CURRENT_PROJECT_VERSION = 1;
				GENERATE_INFOPLIST_FILE = YES;
				MARKETING_VERSION = 1.0;
				PRODUCT_BUNDLE_IDENTIFIER = "https---github.com-roudYStorm.TrackerTests";
				PRODUCT_NAME = "$(TARGET_NAME)";
				SWIFT_EMIT_LOC_STRINGS = NO;
				SWIFT_VERSION = 5.0;
				TARGETED_DEVICE_FAMILY = "1,2";
				TEST_HOST = "$(BUILT_PRODUCTS_DIR)/Tracker_app.app/$(BUNDLE_EXECUTABLE_FOLDER_PATH)/Tracker_app";
			};
			name = Debug;
		};
		EB1D05522DC692D700EED1A2 /* Release */ = {
			isa = XCBuildConfiguration;
			buildSettings = {
				BUNDLE_LOADER = "$(TEST_HOST)";
				CODE_SIGN_STYLE = Automatic;
				CURRENT_PROJECT_VERSION = 1;
				GENERATE_INFOPLIST_FILE = YES;
				MARKETING_VERSION = 1.0;
				PRODUCT_BUNDLE_IDENTIFIER = "https---github.com-roudYStorm.TrackerTests";
				PRODUCT_NAME = "$(TARGET_NAME)";
				SWIFT_EMIT_LOC_STRINGS = NO;
				SWIFT_VERSION = 5.0;
				TARGETED_DEVICE_FAMILY = "1,2";
				TEST_HOST = "$(BUILT_PRODUCTS_DIR)/Tracker_app.app/$(BUNDLE_EXECUTABLE_FOLDER_PATH)/Tracker_app";
			};
			name = Release;
		};
		EB5D52F22DB02B13006802C9 /* Debug */ = {
			isa = XCBuildConfiguration;
			buildSettings = {
				ALWAYS_SEARCH_USER_PATHS = NO;
				ASSETCATALOG_COMPILER_GENERATE_SWIFT_ASSET_SYMBOL_EXTENSIONS = YES;
				CLANG_ANALYZER_LOCALIZABILITY_NONLOCALIZED = YES;
				CLANG_ANALYZER_NONNULL = YES;
				CLANG_ANALYZER_NUMBER_OBJECT_CONVERSION = YES_AGGRESSIVE;
				CLANG_CXX_LANGUAGE_STANDARD = "gnu++20";
				CLANG_ENABLE_MODULES = YES;
				CLANG_ENABLE_OBJC_ARC = YES;
				CLANG_ENABLE_OBJC_WEAK = YES;
				CLANG_WARN_BLOCK_CAPTURE_AUTORELEASING = YES;
				CLANG_WARN_BOOL_CONVERSION = YES;
				CLANG_WARN_COMMA = YES;
				CLANG_WARN_CONSTANT_CONVERSION = YES;
				CLANG_WARN_DEPRECATED_OBJC_IMPLEMENTATIONS = YES;
				CLANG_WARN_DIRECT_OBJC_ISA_USAGE = YES_ERROR;
				CLANG_WARN_DOCUMENTATION_COMMENTS = YES;
				CLANG_WARN_EMPTY_BODY = YES;
				CLANG_WARN_ENUM_CONVERSION = YES;
				CLANG_WARN_INFINITE_RECURSION = YES;
				CLANG_WARN_INT_CONVERSION = YES;
				CLANG_WARN_NON_LITERAL_NULL_CONVERSION = YES;
				CLANG_WARN_OBJC_IMPLICIT_RETAIN_SELF = YES;
				CLANG_WARN_OBJC_LITERAL_CONVERSION = YES;
				CLANG_WARN_OBJC_ROOT_CLASS = YES_ERROR;
				CLANG_WARN_QUOTED_INCLUDE_IN_FRAMEWORK_HEADER = YES;
				CLANG_WARN_RANGE_LOOP_ANALYSIS = YES;
				CLANG_WARN_STRICT_PROTOTYPES = YES;
				CLANG_WARN_SUSPICIOUS_MOVE = YES;
				CLANG_WARN_UNGUARDED_AVAILABILITY = YES_AGGRESSIVE;
				CLANG_WARN_UNREACHABLE_CODE = YES;
				CLANG_WARN__DUPLICATE_METHOD_MATCH = YES;
				COPY_PHASE_STRIP = NO;
				DEBUG_INFORMATION_FORMAT = dwarf;
				ENABLE_STRICT_OBJC_MSGSEND = YES;
				ENABLE_TESTABILITY = YES;
				ENABLE_USER_SCRIPT_SANDBOXING = YES;
				GCC_C_LANGUAGE_STANDARD = gnu17;
				GCC_DYNAMIC_NO_PIC = NO;
				GCC_NO_COMMON_BLOCKS = YES;
				GCC_OPTIMIZATION_LEVEL = 0;
				GCC_PREPROCESSOR_DEFINITIONS = (
					"DEBUG=1",
					"$(inherited)",
				);
				GCC_WARN_64_TO_32_BIT_CONVERSION = YES;
				GCC_WARN_ABOUT_RETURN_TYPE = YES_ERROR;
				GCC_WARN_UNDECLARED_SELECTOR = YES;
				GCC_WARN_UNINITIALIZED_AUTOS = YES_AGGRESSIVE;
				GCC_WARN_UNUSED_FUNCTION = YES;
				GCC_WARN_UNUSED_VARIABLE = YES;
				IPHONEOS_DEPLOYMENT_TARGET = 17.0;
				LOCALIZATION_PREFERS_STRING_CATALOGS = YES;
				MTL_ENABLE_DEBUG_INFO = INCLUDE_SOURCE;
				MTL_FAST_MATH = YES;
				ONLY_ACTIVE_ARCH = YES;
				SDKROOT = iphoneos;
				SWIFT_ACTIVE_COMPILATION_CONDITIONS = "DEBUG $(inherited)";
				SWIFT_OPTIMIZATION_LEVEL = "-Onone";
			};
			name = Debug;
		};
		EB5D52F32DB02B13006802C9 /* Release */ = {
			isa = XCBuildConfiguration;
			buildSettings = {
				ALWAYS_SEARCH_USER_PATHS = NO;
				ASSETCATALOG_COMPILER_GENERATE_SWIFT_ASSET_SYMBOL_EXTENSIONS = YES;
				CLANG_ANALYZER_LOCALIZABILITY_NONLOCALIZED = YES;
				CLANG_ANALYZER_NONNULL = YES;
				CLANG_ANALYZER_NUMBER_OBJECT_CONVERSION = YES_AGGRESSIVE;
				CLANG_CXX_LANGUAGE_STANDARD = "gnu++20";
				CLANG_ENABLE_MODULES = YES;
				CLANG_ENABLE_OBJC_ARC = YES;
				CLANG_ENABLE_OBJC_WEAK = YES;
				CLANG_WARN_BLOCK_CAPTURE_AUTORELEASING = YES;
				CLANG_WARN_BOOL_CONVERSION = YES;
				CLANG_WARN_COMMA = YES;
				CLANG_WARN_CONSTANT_CONVERSION = YES;
				CLANG_WARN_DEPRECATED_OBJC_IMPLEMENTATIONS = YES;
				CLANG_WARN_DIRECT_OBJC_ISA_USAGE = YES_ERROR;
				CLANG_WARN_DOCUMENTATION_COMMENTS = YES;
				CLANG_WARN_EMPTY_BODY = YES;
				CLANG_WARN_ENUM_CONVERSION = YES;
				CLANG_WARN_INFINITE_RECURSION = YES;
				CLANG_WARN_INT_CONVERSION = YES;
				CLANG_WARN_NON_LITERAL_NULL_CONVERSION = YES;
				CLANG_WARN_OBJC_IMPLICIT_RETAIN_SELF = YES;
				CLANG_WARN_OBJC_LITERAL_CONVERSION = YES;
				CLANG_WARN_OBJC_ROOT_CLASS = YES_ERROR;
				CLANG_WARN_QUOTED_INCLUDE_IN_FRAMEWORK_HEADER = YES;
				CLANG_WARN_RANGE_LOOP_ANALYSIS = YES;
				CLANG_WARN_STRICT_PROTOTYPES = YES;
				CLANG_WARN_SUSPICIOUS_MOVE = YES;
				CLANG_WARN_UNGUARDED_AVAILABILITY = YES_AGGRESSIVE;
				CLANG_WARN_UNREACHABLE_CODE = YES;
				CLANG_WARN__DUPLICATE_METHOD_MATCH = YES;
				COPY_PHASE_STRIP = NO;
				DEBUG_INFORMATION_FORMAT = "dwarf-with-dsym";
				ENABLE_NS_ASSERTIONS = NO;
				ENABLE_STRICT_OBJC_MSGSEND = YES;
				ENABLE_USER_SCRIPT_SANDBOXING = YES;
				GCC_C_LANGUAGE_STANDARD = gnu17;
				GCC_NO_COMMON_BLOCKS = YES;
				GCC_WARN_64_TO_32_BIT_CONVERSION = YES;
				GCC_WARN_ABOUT_RETURN_TYPE = YES_ERROR;
				GCC_WARN_UNDECLARED_SELECTOR = YES;
				GCC_WARN_UNINITIALIZED_AUTOS = YES_AGGRESSIVE;
				GCC_WARN_UNUSED_FUNCTION = YES;
				GCC_WARN_UNUSED_VARIABLE = YES;
				IPHONEOS_DEPLOYMENT_TARGET = 17.0;
				LOCALIZATION_PREFERS_STRING_CATALOGS = YES;
				MTL_ENABLE_DEBUG_INFO = NO;
				MTL_FAST_MATH = YES;
				SDKROOT = iphoneos;
				SWIFT_COMPILATION_MODE = wholemodule;
				VALIDATE_PRODUCT = YES;
			};
			name = Release;
		};
		EB5D52F52DB02B13006802C9 /* Debug */ = {
			isa = XCBuildConfiguration;
			buildSettings = {
				ASSETCATALOG_COMPILER_APPICON_NAME = AppIcon;
				ASSETCATALOG_COMPILER_GLOBAL_ACCENT_COLOR_NAME = AccentColor;
				CODE_SIGN_STYLE = Automatic;
				CURRENT_PROJECT_VERSION = 1;
				GENERATE_INFOPLIST_FILE = YES;
				INFOPLIST_FILE = Tracker_app/Info.plist;
				INFOPLIST_KEY_UIApplicationSupportsIndirectInputEvents = YES;
				INFOPLIST_KEY_UILaunchStoryboardName = LaunchScreen;
				INFOPLIST_KEY_UIMainStoryboardFile = Main;
				INFOPLIST_KEY_UISupportedInterfaceOrientations_iPad = "UIInterfaceOrientationPortrait UIInterfaceOrientationPortraitUpsideDown UIInterfaceOrientationLandscapeLeft UIInterfaceOrientationLandscapeRight";
				INFOPLIST_KEY_UISupportedInterfaceOrientations_iPhone = "UIInterfaceOrientationPortrait UIInterfaceOrientationLandscapeLeft UIInterfaceOrientationLandscapeRight";
				IPHONEOS_DEPLOYMENT_TARGET = 13.4;
				LD_RUNPATH_SEARCH_PATHS = (
					"$(inherited)",
					"@executable_path/Frameworks",
				);
				MARKETING_VERSION = 1.0;
				PRODUCT_BUNDLE_IDENTIFIER = "https---github.com-roudYStorm.Tracker-app";
				PRODUCT_NAME = "$(TARGET_NAME)";
				SWIFT_EMIT_LOC_STRINGS = YES;
				SWIFT_VERSION = 5.0;
				TARGETED_DEVICE_FAMILY = "1,2";
			};
			name = Debug;
		};
		EB5D52F62DB02B13006802C9 /* Release */ = {
			isa = XCBuildConfiguration;
			buildSettings = {
				ASSETCATALOG_COMPILER_APPICON_NAME = AppIcon;
				ASSETCATALOG_COMPILER_GLOBAL_ACCENT_COLOR_NAME = AccentColor;
				CODE_SIGN_STYLE = Automatic;
				CURRENT_PROJECT_VERSION = 1;
				GENERATE_INFOPLIST_FILE = YES;
				INFOPLIST_FILE = Tracker_app/Info.plist;
				INFOPLIST_KEY_UIApplicationSupportsIndirectInputEvents = YES;
				INFOPLIST_KEY_UILaunchStoryboardName = LaunchScreen;
				INFOPLIST_KEY_UIMainStoryboardFile = Main;
				INFOPLIST_KEY_UISupportedInterfaceOrientations_iPad = "UIInterfaceOrientationPortrait UIInterfaceOrientationPortraitUpsideDown UIInterfaceOrientationLandscapeLeft UIInterfaceOrientationLandscapeRight";
				INFOPLIST_KEY_UISupportedInterfaceOrientations_iPhone = "UIInterfaceOrientationPortrait UIInterfaceOrientationLandscapeLeft UIInterfaceOrientationLandscapeRight";
				IPHONEOS_DEPLOYMENT_TARGET = 13.4;
				LD_RUNPATH_SEARCH_PATHS = (
					"$(inherited)",
					"@executable_path/Frameworks",
				);
				MARKETING_VERSION = 1.0;
				PRODUCT_BUNDLE_IDENTIFIER = "https---github.com-roudYStorm.Tracker-app";
				PRODUCT_NAME = "$(TARGET_NAME)";
				SWIFT_EMIT_LOC_STRINGS = YES;
				SWIFT_VERSION = 5.0;
				TARGETED_DEVICE_FAMILY = "1,2";
			};
			name = Release;
		};
		EB5D52F82DB02B13006802C9 /* Debug */ = {
			isa = XCBuildConfiguration;
			buildSettings = {
				ALWAYS_EMBED_SWIFT_STANDARD_LIBRARIES = YES;
				BUNDLE_LOADER = "$(TEST_HOST)";
				CODE_SIGN_STYLE = Automatic;
				CURRENT_PROJECT_VERSION = 1;
				GENERATE_INFOPLIST_FILE = YES;
				IPHONEOS_DEPLOYMENT_TARGET = 17.0;
				MARKETING_VERSION = 1.0;
				PRODUCT_BUNDLE_IDENTIFIER = "https---github.com-roudYStorm.Tracker-appTests";
				PRODUCT_NAME = "$(TARGET_NAME)";
				SWIFT_EMIT_LOC_STRINGS = NO;
				SWIFT_VERSION = 5.0;
				TARGETED_DEVICE_FAMILY = "1,2";
				TEST_HOST = "$(BUILT_PRODUCTS_DIR)/Tracker_app.app/$(BUNDLE_EXECUTABLE_FOLDER_PATH)/Tracker_app";
			};
			name = Debug;
		};
		EB5D52F92DB02B13006802C9 /* Release */ = {
			isa = XCBuildConfiguration;
			buildSettings = {
				ALWAYS_EMBED_SWIFT_STANDARD_LIBRARIES = YES;
				BUNDLE_LOADER = "$(TEST_HOST)";
				CODE_SIGN_STYLE = Automatic;
				CURRENT_PROJECT_VERSION = 1;
				GENERATE_INFOPLIST_FILE = YES;
				IPHONEOS_DEPLOYMENT_TARGET = 17.0;
				MARKETING_VERSION = 1.0;
				PRODUCT_BUNDLE_IDENTIFIER = "https---github.com-roudYStorm.Tracker-appTests";
				PRODUCT_NAME = "$(TARGET_NAME)";
				SWIFT_EMIT_LOC_STRINGS = NO;
				SWIFT_VERSION = 5.0;
				TARGETED_DEVICE_FAMILY = "1,2";
				TEST_HOST = "$(BUILT_PRODUCTS_DIR)/Tracker_app.app/$(BUNDLE_EXECUTABLE_FOLDER_PATH)/Tracker_app";
			};
			name = Release;
		};
		EB5D52FB2DB02B13006802C9 /* Debug */ = {
			isa = XCBuildConfiguration;
			buildSettings = {
				ALWAYS_EMBED_SWIFT_STANDARD_LIBRARIES = YES;
				CODE_SIGN_STYLE = Automatic;
				CURRENT_PROJECT_VERSION = 1;
				GENERATE_INFOPLIST_FILE = YES;
				MARKETING_VERSION = 1.0;
				PRODUCT_BUNDLE_IDENTIFIER = "https---github.com-roudYStorm.Tracker-appUITests";
				PRODUCT_NAME = "$(TARGET_NAME)";
				SWIFT_EMIT_LOC_STRINGS = NO;
				SWIFT_VERSION = 5.0;
				TARGETED_DEVICE_FAMILY = "1,2";
				TEST_TARGET_NAME = Tracker_app;
			};
			name = Debug;
		};
		EB5D52FC2DB02B13006802C9 /* Release */ = {
			isa = XCBuildConfiguration;
			buildSettings = {
				ALWAYS_EMBED_SWIFT_STANDARD_LIBRARIES = YES;
				CODE_SIGN_STYLE = Automatic;
				CURRENT_PROJECT_VERSION = 1;
				GENERATE_INFOPLIST_FILE = YES;
				MARKETING_VERSION = 1.0;
				PRODUCT_BUNDLE_IDENTIFIER = "https---github.com-roudYStorm.Tracker-appUITests";
				PRODUCT_NAME = "$(TARGET_NAME)";
				SWIFT_EMIT_LOC_STRINGS = NO;
				SWIFT_VERSION = 5.0;
				TARGETED_DEVICE_FAMILY = "1,2";
				TEST_TARGET_NAME = Tracker_app;
			};
			name = Release;
		};
/* End XCBuildConfiguration section */

/* Begin XCConfigurationList section */
		EB1D05502DC692D700EED1A2 /* Build configuration list for PBXNativeTarget "TrackerTests" */ = {
			isa = XCConfigurationList;
			buildConfigurations = (
				EB1D05512DC692D700EED1A2 /* Debug */,
				EB1D05522DC692D700EED1A2 /* Release */,
			);
			defaultConfigurationIsVisible = 0;
			defaultConfigurationName = Release;
		};
		EB5D52C52DB02B0F006802C9 /* Build configuration list for PBXProject "Tracker_app" */ = {
			isa = XCConfigurationList;
			buildConfigurations = (
				EB5D52F22DB02B13006802C9 /* Debug */,
				EB5D52F32DB02B13006802C9 /* Release */,
			);
			defaultConfigurationIsVisible = 0;
			defaultConfigurationName = Release;
		};
		EB5D52F42DB02B13006802C9 /* Build configuration list for PBXNativeTarget "Tracker_app" */ = {
			isa = XCConfigurationList;
			buildConfigurations = (
				EB5D52F52DB02B13006802C9 /* Debug */,
				EB5D52F62DB02B13006802C9 /* Release */,
			);
			defaultConfigurationIsVisible = 0;
			defaultConfigurationName = Release;
		};
		EB5D52F72DB02B13006802C9 /* Build configuration list for PBXNativeTarget "Tracker_appTests" */ = {
			isa = XCConfigurationList;
			buildConfigurations = (
				EB5D52F82DB02B13006802C9 /* Debug */,
				EB5D52F92DB02B13006802C9 /* Release */,
			);
			defaultConfigurationIsVisible = 0;
			defaultConfigurationName = Release;
		};
		EB5D52FA2DB02B13006802C9 /* Build configuration list for PBXNativeTarget "Tracker_appUITests" */ = {
			isa = XCConfigurationList;
			buildConfigurations = (
				EB5D52FB2DB02B13006802C9 /* Debug */,
				EB5D52FC2DB02B13006802C9 /* Release */,
			);
			defaultConfigurationIsVisible = 0;
			defaultConfigurationName = Release;
		};
/* End XCConfigurationList section */

/* Begin XCRemoteSwiftPackageReference section */
		EB1D05532DC6995300EED1A2 /* XCRemoteSwiftPackageReference "swift-snapshot-testing" */ = {
			isa = XCRemoteSwiftPackageReference;
			repositoryURL = "https://github.com/pointfreeco/swift-snapshot-testing";
			requirement = {
				kind = upToNextMajorVersion;
				minimumVersion = 1.18.3;
			};
		};
/* End XCRemoteSwiftPackageReference section */

/* Begin XCVersionGroup section */
		EBCC09422DBBB953001CD63C /* Tracker.xcdatamodeld */ = {
			isa = XCVersionGroup;
			children = (
				EBCC09432DBBB953001CD63C /* Tracker.xcdatamodel */,
			);
			currentVersion = EBCC09432DBBB953001CD63C /* Tracker.xcdatamodel */;
			path = Tracker.xcdatamodeld;
			sourceTree = "<group>";
			versionGroupType = wrapper.xcdatamodel;
		};
/* End XCVersionGroup section */
	};
	rootObject = EB5D52C22DB02B0F006802C9 /* Project object */;
}
